
Microsoft Visual Studio Solution File, Format Version 12.00
# Visual Studio 15
VisualStudioVersion = 15.0.27703.2042
MinimumVisualStudioVersion = 10.0.40219.1
Project("{FAE04EC0-301F-11D3-BF4B-00C04F79EFBC}") = "SIS.HTTP", "SIS.HTTP\SIS.HTTP.csproj", "{3A898A79-85D5-4407-86C0-84A435FFB705}"
EndProject
Project("{FAE04EC0-301F-11D3-BF4B-00C04F79EFBC}") = "SIS.WebServer", "SIS.WebServer\SIS.WebServer.csproj", "{4FC13361-E2DA-47E9-A03F-BD9473F65FD7}"
EndProject
Project("{FAE04EC0-301F-11D3-BF4B-00C04F79EFBC}") = "SIS.Demo", "SIS.Demo\SIS.Demo.csproj", "{DFEDCF48-6DB1-4107-9CD0-593A9B714A2C}"
EndProject
Global
	GlobalSection(SolutionConfigurationPlatforms) = preSolution
		Debug|Any CPU = Debug|Any CPU
		Release|Any CPU = Release|Any CPU
	EndGlobalSection
	GlobalSection(ProjectConfigurationPlatforms) = postSolution
		{3A898A79-85D5-4407-86C0-84A435FFB705}.Debug|Any CPU.ActiveCfg = Debug|Any CPU
		{3A898A79-85D5-4407-86C0-84A435FFB705}.Debug|Any CPU.Build.0 = Debug|Any CPU
		{3A898A79-85D5-4407-86C0-84A435FFB705}.Release|Any CPU.ActiveCfg = Release|Any CPU
		{3A898A79-85D5-4407-86C0-84A435FFB705}.Release|Any CPU.Build.0 = Release|Any CPU
		{4FC13361-E2DA-47E9-A03F-BD9473F65FD7}.Debug|Any CPU.ActiveCfg = Debug|Any CPU
		{4FC13361-E2DA-47E9-A03F-BD9473F65FD7}.Debug|Any CPU.Build.0 = Debug|Any CPU
		{4FC13361-E2DA-47E9-A03F-BD9473F65FD7}.Release|Any CPU.ActiveCfg = Release|Any CPU
		{4FC13361-E2DA-47E9-A03F-BD9473F65FD7}.Release|Any CPU.Build.0 = Release|Any CPU
		{DFEDCF48-6DB1-4107-9CD0-593A9B714A2C}.Debug|Any CPU.ActiveCfg = Debug|Any CPU
		{DFEDCF48-6DB1-4107-9CD0-593A9B714A2C}.Debug|Any CPU.Build.0 = Debug|Any CPU
		{DFEDCF48-6DB1-4107-9CD0-593A9B714A2C}.Release|Any CPU.ActiveCfg = Release|Any CPU
		{DFEDCF48-6DB1-4107-9CD0-593A9B714A2C}.Release|Any CPU.Build.0 = Release|Any CPU
	EndGlobalSection
	GlobalSection(SolutionProperties) = preSolution
		HideSolutionNode = FALSE
	EndGlobalSection
	GlobalSection(ExtensibilityGlobals) = postSolution
		SolutionGuid = {3EB486D8-E831-4222-AFF2-2CCD3B65FBA5}
	EndGlobalSection
EndGlobal
