
Microsoft Visual Studio Solution File, Format Version 12.00
# Visual Studio 15
VisualStudioVersion = 15.0.27130.2036
MinimumVisualStudioVersion = 10.0.40219.1
Project("{9A19103F-16F7-4668-BE54-9A1E7A4F7556}") = "Forum.App", "Forum.App.csproj", "{2678A33A-46F7-48ED-83DB-11D6F41F4686}"
EndProject
Global
	GlobalSection(SolutionConfigurationPlatforms) = preSolution
		Debug|Any CPU = Debug|Any CPU
		Release|Any CPU = Release|Any CPU
	EndGlobalSection
	GlobalSection(ProjectConfigurationPlatforms) = postSolution
		{2678A33A-46F7-48ED-83DB-11D6F41F4686}.Debug|Any CPU.ActiveCfg = Debug|Any CPU
		{2678A33A-46F7-48ED-83DB-11D6F41F4686}.Debug|Any CPU.Build.0 = Debug|Any CPU
		{2678A33A-46F7-48ED-83DB-11D6F41F4686}.Release|Any CPU.ActiveCfg = Release|Any CPU
		{2678A33A-46F7-48ED-83DB-11D6F41F4686}.Release|Any CPU.Build.0 = Release|Any CPU
	EndGlobalSection
	GlobalSection(SolutionProperties) = preSolution
		HideSolutionNode = FALSE
	EndGlobalSection
	GlobalSection(ExtensibilityGlobals) = postSolution
		SolutionGuid = {4C01A09C-64F2-4A1D-BCCD-F6D973E84A0C}
	EndGlobalSection
EndGlobal
