
Microsoft Visual Studio Solution File, Format Version 12.00
# Visual Studio 15
VisualStudioVersion = 15.0.27004.2002
MinimumVisualStudioVersion = 10.0.40219.1
Project("{FAE04EC0-301F-11D3-BF4B-00C04F79EFBC}") = "01.Wardrobe", "01.Wardrobe\01.Wardrobe.csproj", "{0B582F5E-87D7-4549-9F67-6E705D8CF4AE}"
EndProject
Project("{FAE04EC0-301F-11D3-BF4B-00C04F79EFBC}") = "02.Key-KeyValue-Value", "02.Key-KeyValue-Value\02.Key-KeyValue-Value.csproj", "{EF4C1CF9-EACF-4C7F-91D3-243648BDAB70}"
EndProject
Project("{FAE04EC0-301F-11D3-BF4B-00C04F79EFBC}") = "test", "test\test.csproj", "{581EC953-D029-45DE-A9BF-C512505D4372}"
EndProject
Project("{FAE04EC0-301F-11D3-BF4B-00C04F79EFBC}") = "03.TravelCompany", "03.TravelCompany\03.TravelCompany.csproj", "{2B071521-26DF-457F-936C-613DD6AF43AC}"
EndProject
Project("{FAE04EC0-301F-11D3-BF4B-00C04F79EFBC}") = "04.Shellbound", "04.Shellbound\04.Shellbound.csproj", "{D852B1B8-9058-4CD4-A7B7-B35F645DF0CB}"
EndProject
Project("{FAE04EC0-301F-11D3-BF4B-00C04F79EFBC}") = "06.ForumTopics", "06.ForumTopics\06.ForumTopics.csproj", "{1C4320F5-A78C-421C-8670-46D4A84F9FAA}"
EndProject
Project("{FAE04EC0-301F-11D3-BF4B-00C04F79EFBC}") = "05.1.Dict-Ref-Advanced", "05.1.Dict-Ref-Advanced\05.1.Dict-Ref-Advanced.csproj", "{076B32E2-4574-4C08-877E-303321BA56DA}"
EndProject
Project("{FAE04EC0-301F-11D3-BF4B-00C04F79EFBC}") = "07.SocialMediaPosts", "07.SocialMediaPosts\07.SocialMediaPosts.csproj", "{6E28E82F-9F75-4B02-9499-C99E05F72EDC}"
EndProject
Global
	GlobalSection(SolutionConfigurationPlatforms) = preSolution
		Debug|Any CPU = Debug|Any CPU
		Release|Any CPU = Release|Any CPU
	EndGlobalSection
	GlobalSection(ProjectConfigurationPlatforms) = postSolution
		{0B582F5E-87D7-4549-9F67-6E705D8CF4AE}.Debug|Any CPU.ActiveCfg = Debug|Any CPU
		{0B582F5E-87D7-4549-9F67-6E705D8CF4AE}.Debug|Any CPU.Build.0 = Debug|Any CPU
		{0B582F5E-87D7-4549-9F67-6E705D8CF4AE}.Release|Any CPU.ActiveCfg = Release|Any CPU
		{0B582F5E-87D7-4549-9F67-6E705D8CF4AE}.Release|Any CPU.Build.0 = Release|Any CPU
		{EF4C1CF9-EACF-4C7F-91D3-243648BDAB70}.Debug|Any CPU.ActiveCfg = Debug|Any CPU
		{EF4C1CF9-EACF-4C7F-91D3-243648BDAB70}.Debug|Any CPU.Build.0 = Debug|Any CPU
		{EF4C1CF9-EACF-4C7F-91D3-243648BDAB70}.Release|Any CPU.ActiveCfg = Release|Any CPU
		{EF4C1CF9-EACF-4C7F-91D3-243648BDAB70}.Release|Any CPU.Build.0 = Release|Any CPU
		{581EC953-D029-45DE-A9BF-C512505D4372}.Debug|Any CPU.ActiveCfg = Debug|Any CPU
		{581EC953-D029-45DE-A9BF-C512505D4372}.Debug|Any CPU.Build.0 = Debug|Any CPU
		{581EC953-D029-45DE-A9BF-C512505D4372}.Release|Any CPU.ActiveCfg = Release|Any CPU
		{581EC953-D029-45DE-A9BF-C512505D4372}.Release|Any CPU.Build.0 = Release|Any CPU
		{2B071521-26DF-457F-936C-613DD6AF43AC}.Debug|Any CPU.ActiveCfg = Debug|Any CPU
		{2B071521-26DF-457F-936C-613DD6AF43AC}.Debug|Any CPU.Build.0 = Debug|Any CPU
		{2B071521-26DF-457F-936C-613DD6AF43AC}.Release|Any CPU.ActiveCfg = Release|Any CPU
		{2B071521-26DF-457F-936C-613DD6AF43AC}.Release|Any CPU.Build.0 = Release|Any CPU
		{D852B1B8-9058-4CD4-A7B7-B35F645DF0CB}.Debug|Any CPU.ActiveCfg = Debug|Any CPU
		{D852B1B8-9058-4CD4-A7B7-B35F645DF0CB}.Debug|Any CPU.Build.0 = Debug|Any CPU
		{D852B1B8-9058-4CD4-A7B7-B35F645DF0CB}.Release|Any CPU.ActiveCfg = Release|Any CPU
		{D852B1B8-9058-4CD4-A7B7-B35F645DF0CB}.Release|Any CPU.Build.0 = Release|Any CPU
		{1C4320F5-A78C-421C-8670-46D4A84F9FAA}.Debug|Any CPU.ActiveCfg = Debug|Any CPU
		{1C4320F5-A78C-421C-8670-46D4A84F9FAA}.Debug|Any CPU.Build.0 = Debug|Any CPU
		{1C4320F5-A78C-421C-8670-46D4A84F9FAA}.Release|Any CPU.ActiveCfg = Release|Any CPU
		{1C4320F5-A78C-421C-8670-46D4A84F9FAA}.Release|Any CPU.Build.0 = Release|Any CPU
		{076B32E2-4574-4C08-877E-303321BA56DA}.Debug|Any CPU.ActiveCfg = Debug|Any CPU
		{076B32E2-4574-4C08-877E-303321BA56DA}.Debug|Any CPU.Build.0 = Debug|Any CPU
		{076B32E2-4574-4C08-877E-303321BA56DA}.Release|Any CPU.ActiveCfg = Release|Any CPU
		{076B32E2-4574-4C08-877E-303321BA56DA}.Release|Any CPU.Build.0 = Release|Any CPU
		{6E28E82F-9F75-4B02-9499-C99E05F72EDC}.Debug|Any CPU.ActiveCfg = Debug|Any CPU
		{6E28E82F-9F75-4B02-9499-C99E05F72EDC}.Debug|Any CPU.Build.0 = Debug|Any CPU
		{6E28E82F-9F75-4B02-9499-C99E05F72EDC}.Release|Any CPU.ActiveCfg = Release|Any CPU
		{6E28E82F-9F75-4B02-9499-C99E05F72EDC}.Release|Any CPU.Build.0 = Release|Any CPU
	EndGlobalSection
	GlobalSection(SolutionProperties) = preSolution
		HideSolutionNode = FALSE
	EndGlobalSection
	GlobalSection(ExtensibilityGlobals) = postSolution
		SolutionGuid = {971C280F-4AA9-4272-85EC-D93BCA94EFF5}
	EndGlobalSection
EndGlobal
