
Microsoft Visual Studio Solution File, Format Version 12.00
# Visual Studio 15
VisualStudioVersion = 15.0.27004.2002
MinimumVisualStudioVersion = 10.0.40219.1
Project("{FAE04EC0-301F-11D3-BF4B-00C04F79EFBC}") = "01.MostFrequentNumbers", "01.MostFrequentNumbers\01.MostFrequentNumbers.csproj", "{99F355DB-DF32-48C8-8407-AA3EC543B49E}"
EndProject
Project("{FAE04EC0-301F-11D3-BF4B-00C04F79EFBC}") = "02.IndexOfLetters", "02.IndexOfLetters\02.IndexOfLetters.csproj", "{D48D4E7C-F774-44C6-A02D-9614FB6655BA}"
EndProject
Project("{FAE04EC0-301F-11D3-BF4B-00C04F79EFBC}") = "03.EqualSums", "03.EqualSums\03.EqualSums.csproj", "{AA8B8F91-38E2-42A1-962F-DF63AA295F48}"
EndProject
Project("{FAE04EC0-301F-11D3-BF4B-00C04F79EFBC}") = "04.MaxSequesnceOfEqualElements", "04.MaxSequesnceOfEqualElements\04.MaxSequesnceOfEqualElements.csproj", "{9D1F7F8F-698C-465E-AA32-4E204139314B}"
EndProject
Project("{FAE04EC0-301F-11D3-BF4B-00C04F79EFBC}") = "05.AMinerTask", "05.AMinerTask\05.AMinerTask.csproj", "{1396C9BA-33BD-470F-A66B-37589AF89B11}"
EndProject
Project("{FAE04EC0-301F-11D3-BF4B-00C04F79EFBC}") = "06.FixEmails", "06.FixEmails\06.FixEmails.csproj", "{1321EDBC-9E6B-4C39-8863-05A26099E2B9}"
EndProject
Project("{FAE04EC0-301F-11D3-BF4B-00C04F79EFBC}") = "07.AdvertismentMessage", "07.AdvertismentMessage\07.AdvertismentMessage.csproj", "{0480EFEF-022C-4CAD-A4C7-C2BE4A69C48E}"
EndProject
Project("{FAE04EC0-301F-11D3-BF4B-00C04F79EFBC}") = "08.AverageGrades", "08.AverageGrades\08.AverageGrades.csproj", "{AF481DF9-924C-41F6-86BD-718D2ED46362}"
EndProject
Project("{FAE04EC0-301F-11D3-BF4B-00C04F79EFBC}") = "09.BookLibrary", "09.BookLibrary\09.BookLibrary.csproj", "{9FA1023E-CF8C-4E42-8529-E563C06F84F9}"
EndProject
Project("{FAE04EC0-301F-11D3-BF4B-00C04F79EFBC}") = "10.BookLibraryModification", "10.BookLibraryModification\10.BookLibraryModification.csproj", "{B9406798-8325-4BBD-863F-7FCBBBB388F1}"
EndProject
Global
	GlobalSection(SolutionConfigurationPlatforms) = preSolution
		Debug|Any CPU = Debug|Any CPU
		Release|Any CPU = Release|Any CPU
	EndGlobalSection
	GlobalSection(ProjectConfigurationPlatforms) = postSolution
		{99F355DB-DF32-48C8-8407-AA3EC543B49E}.Debug|Any CPU.ActiveCfg = Debug|Any CPU
		{99F355DB-DF32-48C8-8407-AA3EC543B49E}.Debug|Any CPU.Build.0 = Debug|Any CPU
		{99F355DB-DF32-48C8-8407-AA3EC543B49E}.Release|Any CPU.ActiveCfg = Release|Any CPU
		{99F355DB-DF32-48C8-8407-AA3EC543B49E}.Release|Any CPU.Build.0 = Release|Any CPU
		{D48D4E7C-F774-44C6-A02D-9614FB6655BA}.Debug|Any CPU.ActiveCfg = Debug|Any CPU
		{D48D4E7C-F774-44C6-A02D-9614FB6655BA}.Debug|Any CPU.Build.0 = Debug|Any CPU
		{D48D4E7C-F774-44C6-A02D-9614FB6655BA}.Release|Any CPU.ActiveCfg = Release|Any CPU
		{D48D4E7C-F774-44C6-A02D-9614FB6655BA}.Release|Any CPU.Build.0 = Release|Any CPU
		{AA8B8F91-38E2-42A1-962F-DF63AA295F48}.Debug|Any CPU.ActiveCfg = Debug|Any CPU
		{AA8B8F91-38E2-42A1-962F-DF63AA295F48}.Debug|Any CPU.Build.0 = Debug|Any CPU
		{AA8B8F91-38E2-42A1-962F-DF63AA295F48}.Release|Any CPU.ActiveCfg = Release|Any CPU
		{AA8B8F91-38E2-42A1-962F-DF63AA295F48}.Release|Any CPU.Build.0 = Release|Any CPU
		{9D1F7F8F-698C-465E-AA32-4E204139314B}.Debug|Any CPU.ActiveCfg = Debug|Any CPU
		{9D1F7F8F-698C-465E-AA32-4E204139314B}.Debug|Any CPU.Build.0 = Debug|Any CPU
		{9D1F7F8F-698C-465E-AA32-4E204139314B}.Release|Any CPU.ActiveCfg = Release|Any CPU
		{9D1F7F8F-698C-465E-AA32-4E204139314B}.Release|Any CPU.Build.0 = Release|Any CPU
		{1396C9BA-33BD-470F-A66B-37589AF89B11}.Debug|Any CPU.ActiveCfg = Debug|Any CPU
		{1396C9BA-33BD-470F-A66B-37589AF89B11}.Debug|Any CPU.Build.0 = Debug|Any CPU
		{1396C9BA-33BD-470F-A66B-37589AF89B11}.Release|Any CPU.ActiveCfg = Release|Any CPU
		{1396C9BA-33BD-470F-A66B-37589AF89B11}.Release|Any CPU.Build.0 = Release|Any CPU
		{1321EDBC-9E6B-4C39-8863-05A26099E2B9}.Debug|Any CPU.ActiveCfg = Debug|Any CPU
		{1321EDBC-9E6B-4C39-8863-05A26099E2B9}.Debug|Any CPU.Build.0 = Debug|Any CPU
		{1321EDBC-9E6B-4C39-8863-05A26099E2B9}.Release|Any CPU.ActiveCfg = Release|Any CPU
		{1321EDBC-9E6B-4C39-8863-05A26099E2B9}.Release|Any CPU.Build.0 = Release|Any CPU
		{0480EFEF-022C-4CAD-A4C7-C2BE4A69C48E}.Debug|Any CPU.ActiveCfg = Debug|Any CPU
		{0480EFEF-022C-4CAD-A4C7-C2BE4A69C48E}.Debug|Any CPU.Build.0 = Debug|Any CPU
		{0480EFEF-022C-4CAD-A4C7-C2BE4A69C48E}.Release|Any CPU.ActiveCfg = Release|Any CPU
		{0480EFEF-022C-4CAD-A4C7-C2BE4A69C48E}.Release|Any CPU.Build.0 = Release|Any CPU
		{AF481DF9-924C-41F6-86BD-718D2ED46362}.Debug|Any CPU.ActiveCfg = Debug|Any CPU
		{AF481DF9-924C-41F6-86BD-718D2ED46362}.Debug|Any CPU.Build.0 = Debug|Any CPU
		{AF481DF9-924C-41F6-86BD-718D2ED46362}.Release|Any CPU.ActiveCfg = Release|Any CPU
		{AF481DF9-924C-41F6-86BD-718D2ED46362}.Release|Any CPU.Build.0 = Release|Any CPU
		{9FA1023E-CF8C-4E42-8529-E563C06F84F9}.Debug|Any CPU.ActiveCfg = Debug|Any CPU
		{9FA1023E-CF8C-4E42-8529-E563C06F84F9}.Debug|Any CPU.Build.0 = Debug|Any CPU
		{9FA1023E-CF8C-4E42-8529-E563C06F84F9}.Release|Any CPU.ActiveCfg = Release|Any CPU
		{9FA1023E-CF8C-4E42-8529-E563C06F84F9}.Release|Any CPU.Build.0 = Release|Any CPU
		{B9406798-8325-4BBD-863F-7FCBBBB388F1}.Debug|Any CPU.ActiveCfg = Debug|Any CPU
		{B9406798-8325-4BBD-863F-7FCBBBB388F1}.Debug|Any CPU.Build.0 = Debug|Any CPU
		{B9406798-8325-4BBD-863F-7FCBBBB388F1}.Release|Any CPU.ActiveCfg = Release|Any CPU
		{B9406798-8325-4BBD-863F-7FCBBBB388F1}.Release|Any CPU.Build.0 = Release|Any CPU
	EndGlobalSection
	GlobalSection(SolutionProperties) = preSolution
		HideSolutionNode = FALSE
	EndGlobalSection
	GlobalSection(ExtensibilityGlobals) = postSolution
		SolutionGuid = {E169B7E3-F9FC-4C9D-B324-F8C9EF47350A}
	EndGlobalSection
EndGlobal
