
Microsoft Visual Studio Solution File, Format Version 12.00
# Visual Studio 15
VisualStudioVersion = 15.0.27130.2036
MinimumVisualStudioVersion = 10.0.40219.1
Project("{FAE04EC0-301F-11D3-BF4B-00C04F79EFBC}") = "01.Snowballs", "Exam5January2018\01.Snowballs.csproj", "{19243E81-1F79-4F26-904E-75D3890A101B}"
EndProject
Project("{FAE04EC0-301F-11D3-BF4B-00C04F79EFBC}") = "02.Snowmen", "02.Snowmen\02.Snowmen.csproj", "{E5D31715-A661-49A8-8F3F-17C6F097F107}"
EndProject
Project("{FAE04EC0-301F-11D3-BF4B-00C04F79EFBC}") = "04.Snowwhite", "04.Snowwhite\04.Snowwhite.csproj", "{CF91DF11-8C71-4CE1-9B2C-E8079443AADF}"
EndProject
Project("{FAE04EC0-301F-11D3-BF4B-00C04F79EFBC}") = "03.Snowflake", "03.Snowflake\03.Snowflake.csproj", "{45A5D764-79E9-4AF8-B587-A6DC26B8A420}"
EndProject
Project("{FAE04EC0-301F-11D3-BF4B-00C04F79EFBC}") = "test", "test\test.csproj", "{8B2725D5-E75D-4279-A54F-89E319CFBD9C}"
EndProject
Project("{FAE04EC0-301F-11D3-BF4B-00C04F79EFBC}") = "tresty", "tresty\tresty.csproj", "{86C7791F-EFBA-47DD-81F0-C6400B8CC18C}"
EndProject
Project("{FAE04EC0-301F-11D3-BF4B-00C04F79EFBC}") = "testy1", "testy1\testy1.csproj", "{04093954-CCA8-4270-8D60-F7CBB4B03911}"
EndProject
Project("{FAE04EC0-301F-11D3-BF4B-00C04F79EFBC}") = "04.1.SnowhiteWithClassAndObject", "04.1.SnowhiteWithClassAndObject\04.1.SnowhiteWithClassAndObject.csproj", "{27E50983-A74D-458A-9B68-AEEF143B9490}"
EndProject
Global
	GlobalSection(SolutionConfigurationPlatforms) = preSolution
		Debug|Any CPU = Debug|Any CPU
		Release|Any CPU = Release|Any CPU
	EndGlobalSection
	GlobalSection(ProjectConfigurationPlatforms) = postSolution
		{19243E81-1F79-4F26-904E-75D3890A101B}.Debug|Any CPU.ActiveCfg = Debug|Any CPU
		{19243E81-1F79-4F26-904E-75D3890A101B}.Debug|Any CPU.Build.0 = Debug|Any CPU
		{19243E81-1F79-4F26-904E-75D3890A101B}.Release|Any CPU.ActiveCfg = Release|Any CPU
		{19243E81-1F79-4F26-904E-75D3890A101B}.Release|Any CPU.Build.0 = Release|Any CPU
		{E5D31715-A661-49A8-8F3F-17C6F097F107}.Debug|Any CPU.ActiveCfg = Debug|Any CPU
		{E5D31715-A661-49A8-8F3F-17C6F097F107}.Debug|Any CPU.Build.0 = Debug|Any CPU
		{E5D31715-A661-49A8-8F3F-17C6F097F107}.Release|Any CPU.ActiveCfg = Release|Any CPU
		{E5D31715-A661-49A8-8F3F-17C6F097F107}.Release|Any CPU.Build.0 = Release|Any CPU
		{CF91DF11-8C71-4CE1-9B2C-E8079443AADF}.Debug|Any CPU.ActiveCfg = Debug|Any CPU
		{CF91DF11-8C71-4CE1-9B2C-E8079443AADF}.Debug|Any CPU.Build.0 = Debug|Any CPU
		{CF91DF11-8C71-4CE1-9B2C-E8079443AADF}.Release|Any CPU.ActiveCfg = Release|Any CPU
		{CF91DF11-8C71-4CE1-9B2C-E8079443AADF}.Release|Any CPU.Build.0 = Release|Any CPU
		{45A5D764-79E9-4AF8-B587-A6DC26B8A420}.Debug|Any CPU.ActiveCfg = Debug|Any CPU
		{45A5D764-79E9-4AF8-B587-A6DC26B8A420}.Debug|Any CPU.Build.0 = Debug|Any CPU
		{45A5D764-79E9-4AF8-B587-A6DC26B8A420}.Release|Any CPU.ActiveCfg = Release|Any CPU
		{45A5D764-79E9-4AF8-B587-A6DC26B8A420}.Release|Any CPU.Build.0 = Release|Any CPU
		{8B2725D5-E75D-4279-A54F-89E319CFBD9C}.Debug|Any CPU.ActiveCfg = Debug|Any CPU
		{8B2725D5-E75D-4279-A54F-89E319CFBD9C}.Debug|Any CPU.Build.0 = Debug|Any CPU
		{8B2725D5-E75D-4279-A54F-89E319CFBD9C}.Release|Any CPU.ActiveCfg = Release|Any CPU
		{8B2725D5-E75D-4279-A54F-89E319CFBD9C}.Release|Any CPU.Build.0 = Release|Any CPU
		{86C7791F-EFBA-47DD-81F0-C6400B8CC18C}.Debug|Any CPU.ActiveCfg = Debug|Any CPU
		{86C7791F-EFBA-47DD-81F0-C6400B8CC18C}.Debug|Any CPU.Build.0 = Debug|Any CPU
		{86C7791F-EFBA-47DD-81F0-C6400B8CC18C}.Release|Any CPU.ActiveCfg = Release|Any CPU
		{86C7791F-EFBA-47DD-81F0-C6400B8CC18C}.Release|Any CPU.Build.0 = Release|Any CPU
		{04093954-CCA8-4270-8D60-F7CBB4B03911}.Debug|Any CPU.ActiveCfg = Debug|Any CPU
		{04093954-CCA8-4270-8D60-F7CBB4B03911}.Debug|Any CPU.Build.0 = Debug|Any CPU
		{04093954-CCA8-4270-8D60-F7CBB4B03911}.Release|Any CPU.ActiveCfg = Release|Any CPU
		{04093954-CCA8-4270-8D60-F7CBB4B03911}.Release|Any CPU.Build.0 = Release|Any CPU
		{27E50983-A74D-458A-9B68-AEEF143B9490}.Debug|Any CPU.ActiveCfg = Debug|Any CPU
		{27E50983-A74D-458A-9B68-AEEF143B9490}.Debug|Any CPU.Build.0 = Debug|Any CPU
		{27E50983-A74D-458A-9B68-AEEF143B9490}.Release|Any CPU.ActiveCfg = Release|Any CPU
		{27E50983-A74D-458A-9B68-AEEF143B9490}.Release|Any CPU.Build.0 = Release|Any CPU
	EndGlobalSection
	GlobalSection(SolutionProperties) = preSolution
		HideSolutionNode = FALSE
	EndGlobalSection
	GlobalSection(ExtensibilityGlobals) = postSolution
		SolutionGuid = {34608883-1CAB-4BFD-B98E-210D85DC4CB6}
	EndGlobalSection
EndGlobal
