
Microsoft Visual Studio Solution File, Format Version 12.00
# Visual Studio 15
VisualStudioVersion = 15.0.27130.2036
MinimumVisualStudioVersion = 10.0.40219.1
Project("{9A19103F-16F7-4668-BE54-9A1E7A4F7556}") = "P02_DatabaseFirst", "P02_DatabaseFirst\P02_DatabaseFirst.csproj", "{64F37D4A-C00A-4DC1-BC54-7E88014DFEC2}"
EndProject
Project("{9A19103F-16F7-4668-BE54-9A1E7A4F7556}") = "P03_EmployeesFullInformation", "..\P03_EmployeesFullInformation\P03_EmployeesFullInformation.csproj", "{0FB25F2B-33C1-4203-9548-6CFB4F11C096}"
EndProject
Project("{9A19103F-16F7-4668-BE54-9A1E7A4F7556}") = "P04_EmployeesWithSalaryOver50000", "P04_EmployeesWithSalaryOver50000\P04_EmployeesWithSalaryOver50000.csproj", "{CD1CB92A-9FE3-43E7-9510-099B91604A02}"
EndProject
Project("{9A19103F-16F7-4668-BE54-9A1E7A4F7556}") = "P05_EmployeesFromResearchAndDevelopment", "P05_EmployeesFromResearchAndDevelopment\P05_EmployeesFromResearchAndDevelopment.csproj", "{95BB4A11-564D-4AD7-A124-DF89CAE37A4F}"
EndProject
Project("{9A19103F-16F7-4668-BE54-9A1E7A4F7556}") = "P06_AddingANewAddressAndUpdatingEmployee", "P06_AddingANewAddressAndUpdatingEmployee\P06_AddingANewAddressAndUpdatingEmployee.csproj", "{D1A29544-046D-47B0-9C6D-216C6BDE346D}"
EndProject
Project("{FAE04EC0-301F-11D3-BF4B-00C04F79EFBC}") = "P07_EmployeesAndProjects", "P07_EmployeesAndProjects\P07_EmployeesAndProjects.csproj", "{D8BA3E31-CCEE-4939-9E89-E38B6CA3F201}"
EndProject
Project("{FAE04EC0-301F-11D3-BF4B-00C04F79EFBC}") = "P08_AddressesByTown", "P08_AddressesByTown\P08_AddressesByTown.csproj", "{3B4D3A4E-452C-42CB-8338-FC82FE0F1E90}"
EndProject
Project("{FAE04EC0-301F-11D3-BF4B-00C04F79EFBC}") = "P09_Employee147", "P09_Employee147\P09_Employee147.csproj", "{3EAF49C2-0DD1-41B1-9781-42D48A8D1169}"
EndProject
Project("{FAE04EC0-301F-11D3-BF4B-00C04F79EFBC}") = "P10_DepartmentsWithMoreThan5Employees", "P10_DepartmentsWithMoreThan5Employees\P10_DepartmentsWithMoreThan5Employees.csproj", "{E4A1087C-8C1A-475A-9645-AFE4241FAC4E}"
EndProject
Project("{FAE04EC0-301F-11D3-BF4B-00C04F79EFBC}") = "P11_FindLatest10Projects", "P11_FindLatest10Projects\P11_FindLatest10Projects.csproj", "{D688F6A2-6629-4E76-8547-74A5ACF199C9}"
EndProject
Project("{FAE04EC0-301F-11D3-BF4B-00C04F79EFBC}") = "P12_IncreaseSalaries", "P12_IncreaseSalaries\P12_IncreaseSalaries.csproj", "{6110B808-7111-4DF7-9BE4-6D7C53893212}"
EndProject
Project("{FAE04EC0-301F-11D3-BF4B-00C04F79EFBC}") = "P13_FindEmployeesByFirstNameStartingWithSa", "P13_FindEmployeesByFirstNameStartingWithSa\P13_FindEmployeesByFirstNameStartingWithSa.csproj", "{56B7237E-746E-497A-8A59-ECBFDF7738B0}"
EndProject
Project("{FAE04EC0-301F-11D3-BF4B-00C04F79EFBC}") = "P14_DeleteProjectById", "P14_DeleteProjectById\P14_DeleteProjectById.csproj", "{3B58624B-962B-48A1-B60A-8A1FFBCDE3CD}"
EndProject
Project("{FAE04EC0-301F-11D3-BF4B-00C04F79EFBC}") = "P15_RemoveTowns", "P15_RemoveTowns\P15_RemoveTowns.csproj", "{F9D55381-AABC-43E6-A4E1-DD7A3F6151E2}"
EndProject
Global
	GlobalSection(SolutionConfigurationPlatforms) = preSolution
		Debug|Any CPU = Debug|Any CPU
		Release|Any CPU = Release|Any CPU
	EndGlobalSection
	GlobalSection(ProjectConfigurationPlatforms) = postSolution
		{64F37D4A-C00A-4DC1-BC54-7E88014DFEC2}.Debug|Any CPU.ActiveCfg = Debug|Any CPU
		{64F37D4A-C00A-4DC1-BC54-7E88014DFEC2}.Debug|Any CPU.Build.0 = Debug|Any CPU
		{64F37D4A-C00A-4DC1-BC54-7E88014DFEC2}.Release|Any CPU.ActiveCfg = Release|Any CPU
		{64F37D4A-C00A-4DC1-BC54-7E88014DFEC2}.Release|Any CPU.Build.0 = Release|Any CPU
		{0FB25F2B-33C1-4203-9548-6CFB4F11C096}.Debug|Any CPU.ActiveCfg = Debug|Any CPU
		{0FB25F2B-33C1-4203-9548-6CFB4F11C096}.Debug|Any CPU.Build.0 = Debug|Any CPU
		{0FB25F2B-33C1-4203-9548-6CFB4F11C096}.Release|Any CPU.ActiveCfg = Release|Any CPU
		{0FB25F2B-33C1-4203-9548-6CFB4F11C096}.Release|Any CPU.Build.0 = Release|Any CPU
		{CD1CB92A-9FE3-43E7-9510-099B91604A02}.Debug|Any CPU.ActiveCfg = Debug|Any CPU
		{CD1CB92A-9FE3-43E7-9510-099B91604A02}.Debug|Any CPU.Build.0 = Debug|Any CPU
		{CD1CB92A-9FE3-43E7-9510-099B91604A02}.Release|Any CPU.ActiveCfg = Release|Any CPU
		{CD1CB92A-9FE3-43E7-9510-099B91604A02}.Release|Any CPU.Build.0 = Release|Any CPU
		{95BB4A11-564D-4AD7-A124-DF89CAE37A4F}.Debug|Any CPU.ActiveCfg = Debug|Any CPU
		{95BB4A11-564D-4AD7-A124-DF89CAE37A4F}.Debug|Any CPU.Build.0 = Debug|Any CPU
		{95BB4A11-564D-4AD7-A124-DF89CAE37A4F}.Release|Any CPU.ActiveCfg = Release|Any CPU
		{95BB4A11-564D-4AD7-A124-DF89CAE37A4F}.Release|Any CPU.Build.0 = Release|Any CPU
		{D1A29544-046D-47B0-9C6D-216C6BDE346D}.Debug|Any CPU.ActiveCfg = Debug|Any CPU
		{D1A29544-046D-47B0-9C6D-216C6BDE346D}.Debug|Any CPU.Build.0 = Debug|Any CPU
		{D1A29544-046D-47B0-9C6D-216C6BDE346D}.Release|Any CPU.ActiveCfg = Release|Any CPU
		{D1A29544-046D-47B0-9C6D-216C6BDE346D}.Release|Any CPU.Build.0 = Release|Any CPU
		{D8BA3E31-CCEE-4939-9E89-E38B6CA3F201}.Debug|Any CPU.ActiveCfg = Debug|Any CPU
		{D8BA3E31-CCEE-4939-9E89-E38B6CA3F201}.Debug|Any CPU.Build.0 = Debug|Any CPU
		{D8BA3E31-CCEE-4939-9E89-E38B6CA3F201}.Release|Any CPU.ActiveCfg = Release|Any CPU
		{D8BA3E31-CCEE-4939-9E89-E38B6CA3F201}.Release|Any CPU.Build.0 = Release|Any CPU
		{3B4D3A4E-452C-42CB-8338-FC82FE0F1E90}.Debug|Any CPU.ActiveCfg = Debug|Any CPU
		{3B4D3A4E-452C-42CB-8338-FC82FE0F1E90}.Debug|Any CPU.Build.0 = Debug|Any CPU
		{3B4D3A4E-452C-42CB-8338-FC82FE0F1E90}.Release|Any CPU.ActiveCfg = Release|Any CPU
		{3B4D3A4E-452C-42CB-8338-FC82FE0F1E90}.Release|Any CPU.Build.0 = Release|Any CPU
		{3EAF49C2-0DD1-41B1-9781-42D48A8D1169}.Debug|Any CPU.ActiveCfg = Debug|Any CPU
		{3EAF49C2-0DD1-41B1-9781-42D48A8D1169}.Debug|Any CPU.Build.0 = Debug|Any CPU
		{3EAF49C2-0DD1-41B1-9781-42D48A8D1169}.Release|Any CPU.ActiveCfg = Release|Any CPU
		{3EAF49C2-0DD1-41B1-9781-42D48A8D1169}.Release|Any CPU.Build.0 = Release|Any CPU
		{E4A1087C-8C1A-475A-9645-AFE4241FAC4E}.Debug|Any CPU.ActiveCfg = Debug|Any CPU
		{E4A1087C-8C1A-475A-9645-AFE4241FAC4E}.Debug|Any CPU.Build.0 = Debug|Any CPU
		{E4A1087C-8C1A-475A-9645-AFE4241FAC4E}.Release|Any CPU.ActiveCfg = Release|Any CPU
		{E4A1087C-8C1A-475A-9645-AFE4241FAC4E}.Release|Any CPU.Build.0 = Release|Any CPU
		{D688F6A2-6629-4E76-8547-74A5ACF199C9}.Debug|Any CPU.ActiveCfg = Debug|Any CPU
		{D688F6A2-6629-4E76-8547-74A5ACF199C9}.Debug|Any CPU.Build.0 = Debug|Any CPU
		{D688F6A2-6629-4E76-8547-74A5ACF199C9}.Release|Any CPU.ActiveCfg = Release|Any CPU
		{D688F6A2-6629-4E76-8547-74A5ACF199C9}.Release|Any CPU.Build.0 = Release|Any CPU
		{6110B808-7111-4DF7-9BE4-6D7C53893212}.Debug|Any CPU.ActiveCfg = Debug|Any CPU
		{6110B808-7111-4DF7-9BE4-6D7C53893212}.Debug|Any CPU.Build.0 = Debug|Any CPU
		{6110B808-7111-4DF7-9BE4-6D7C53893212}.Release|Any CPU.ActiveCfg = Release|Any CPU
		{6110B808-7111-4DF7-9BE4-6D7C53893212}.Release|Any CPU.Build.0 = Release|Any CPU
		{56B7237E-746E-497A-8A59-ECBFDF7738B0}.Debug|Any CPU.ActiveCfg = Debug|Any CPU
		{56B7237E-746E-497A-8A59-ECBFDF7738B0}.Debug|Any CPU.Build.0 = Debug|Any CPU
		{56B7237E-746E-497A-8A59-ECBFDF7738B0}.Release|Any CPU.ActiveCfg = Release|Any CPU
		{56B7237E-746E-497A-8A59-ECBFDF7738B0}.Release|Any CPU.Build.0 = Release|Any CPU
		{3B58624B-962B-48A1-B60A-8A1FFBCDE3CD}.Debug|Any CPU.ActiveCfg = Debug|Any CPU
		{3B58624B-962B-48A1-B60A-8A1FFBCDE3CD}.Debug|Any CPU.Build.0 = Debug|Any CPU
		{3B58624B-962B-48A1-B60A-8A1FFBCDE3CD}.Release|Any CPU.ActiveCfg = Release|Any CPU
		{3B58624B-962B-48A1-B60A-8A1FFBCDE3CD}.Release|Any CPU.Build.0 = Release|Any CPU
		{F9D55381-AABC-43E6-A4E1-DD7A3F6151E2}.Debug|Any CPU.ActiveCfg = Debug|Any CPU
		{F9D55381-AABC-43E6-A4E1-DD7A3F6151E2}.Debug|Any CPU.Build.0 = Debug|Any CPU
		{F9D55381-AABC-43E6-A4E1-DD7A3F6151E2}.Release|Any CPU.ActiveCfg = Release|Any CPU
		{F9D55381-AABC-43E6-A4E1-DD7A3F6151E2}.Release|Any CPU.Build.0 = Release|Any CPU
	EndGlobalSection
	GlobalSection(SolutionProperties) = preSolution
		HideSolutionNode = FALSE
	EndGlobalSection
	GlobalSection(ExtensibilityGlobals) = postSolution
		SolutionGuid = {D037A45D-DB48-4F67-A97F-3A0C328F97DD}
	EndGlobalSection
EndGlobal
