
Microsoft Visual Studio Solution File, Format Version 12.00
# Visual Studio 15
VisualStudioVersion = 15.0.27703.2035
MinimumVisualStudioVersion = 10.0.40219.1
Project("{FAE04EC0-301F-11D3-BF4B-00C04F79EFBC}") = "WebServer", "WebServer\WebServer.csproj", "{A0E29974-5B9F-4B66-BD6B-930C785D7DF4}"
EndProject
Global
	GlobalSection(SolutionConfigurationPlatforms) = preSolution
		Debug|Any CPU = Debug|Any CPU
		Release|Any CPU = Release|Any CPU
	EndGlobalSection
	GlobalSection(ProjectConfigurationPlatforms) = postSolution
		{A0E29974-5B9F-4B66-BD6B-930C785D7DF4}.Debug|Any CPU.ActiveCfg = Debug|Any CPU
		{A0E29974-5B9F-4B66-BD6B-930C785D7DF4}.Debug|Any CPU.Build.0 = Debug|Any CPU
		{A0E29974-5B9F-4B66-BD6B-930C785D7DF4}.Release|Any CPU.ActiveCfg = Release|Any CPU
		{A0E29974-5B9F-4B66-BD6B-930C785D7DF4}.Release|Any CPU.Build.0 = Release|Any CPU
	EndGlobalSection
	GlobalSection(SolutionProperties) = preSolution
		HideSolutionNode = FALSE
	EndGlobalSection
	GlobalSection(ExtensibilityGlobals) = postSolution
		SolutionGuid = {3ADFF443-2432-4D33-8202-0D51B341B13E}
	EndGlobalSection
EndGlobal
