
Microsoft Visual Studio Solution File, Format Version 12.00
# Visual Studio 15
VisualStudioVersion = 15.0.26430.6
MinimumVisualStudioVersion = 10.0.40219.1
Project("{FAE04EC0-301F-11D3-BF4B-00C04F79EFBC}") = "02.ExcellentOrNot", "02.ExcellentOrNot\02.ExcellentOrNot.csproj", "{20C69C73-1EDC-4A61-8DE4-35F0536658D9}"
EndProject
Project("{FAE04EC0-301F-11D3-BF4B-00C04F79EFBC}") = "03.EvenOrOdd", "03.EvenOrOdd\03.EvenOrOdd.csproj", "{B0F62EDD-F9C5-4C64-9571-90A4AA40CD21}"
EndProject
Project("{FAE04EC0-301F-11D3-BF4B-00C04F79EFBC}") = "04.GreaterNumber", "04.GreaterNumber\04.GreaterNumber.csproj", "{5CD25DAD-7564-4BC8-B38D-015A033A880F}"
EndProject
Project("{FAE04EC0-301F-11D3-BF4B-00C04F79EFBC}") = "05.Number0.9ToText", "05.Number0.9ToText\05.Number0.9ToText.csproj", "{A6F01715-4A4B-41C3-BD15-5DE42AF04562}"
EndProject
Project("{FAE04EC0-301F-11D3-BF4B-00C04F79EFBC}") = "06.BonusScore", "06.BonusScore\06.BonusScore.csproj", "{A57E80AE-EA36-4E91-9BAF-21768C76A2CE}"
EndProject
Project("{FAE04EC0-301F-11D3-BF4B-00C04F79EFBC}") = "test", "test\test.csproj", "{60F918FF-6384-478F-8389-01F0571CA15D}"
EndProject
Project("{FAE04EC0-301F-11D3-BF4B-00C04F79EFBC}") = "07.SumSeconds", "07.SumSeconds\07.SumSeconds.csproj", "{93FD4D6A-7D0C-41B2-B0E4-A0497A07A534}"
EndProject
Project("{FAE04EC0-301F-11D3-BF4B-00C04F79EFBC}") = "08.MetricConverter", "08.MetricConverter\08.MetricConverter.csproj", "{CFD7F920-C471-47B9-901A-C078D4A29C74}"
EndProject
Project("{FAE04EC0-301F-11D3-BF4B-00C04F79EFBC}") = "09.PasswordGuess", "09.PasswordGuess\09.PasswordGuess.csproj", "{466AEE3D-2B62-4DBD-858D-7B1F979F08F3}"
EndProject
Project("{FAE04EC0-301F-11D3-BF4B-00C04F79EFBC}") = "10.Number100.200", "10.Number100.200\10.Number100.200.csproj", "{CC20987C-BE89-4B58-9C51-61A5AE2FE4CD}"
EndProject
Project("{FAE04EC0-301F-11D3-BF4B-00C04F79EFBC}") = "11.EqualWords", "11.EqualWords\11.EqualWords.csproj", "{9A5EF4E8-D7FB-4B23-A563-2FEFEC2E4504}"
EndProject
Project("{FAE04EC0-301F-11D3-BF4B-00C04F79EFBC}") = "12.SpeedInfo", "12.SpeedInfo\12.SpeedInfo.csproj", "{A63AF0D3-71E1-4DD5-9B2D-EE68D0B8DB90}"
EndProject
Project("{FAE04EC0-301F-11D3-BF4B-00C04F79EFBC}") = "13.AreaOfFigures", "12.AreaOfFigures\13.AreaOfFigures.csproj", "{E6CB7709-D4AF-44AA-BD3F-A337B7A90391}"
EndProject
Project("{FAE04EC0-301F-11D3-BF4B-00C04F79EFBC}") = "14.Time+15Minutes", "14.Time+15Minutes\14.Time+15Minutes.csproj", "{3735F365-9866-4A6F-8214-BD93042FA951}"
EndProject
Project("{FAE04EC0-301F-11D3-BF4B-00C04F79EFBC}") = "15.EqualNumbers", "15.EqualNumbers\15.EqualNumbers.csproj", "{33E058FB-A773-4318-8620-4D8E4DF33B48}"
EndProject
Project("{FAE04EC0-301F-11D3-BF4B-00C04F79EFBC}") = "16.Number0..100ToText", "16.Number0..100ToText\16.Number0..100ToText.csproj", "{70602501-D5F9-4170-B218-82935E2E64A6}"
EndProject
Project("{FAE04EC0-301F-11D3-BF4B-00C04F79EFBC}") = "17.CurrencyConverter", "17.CurrencyConverter\17.CurrencyConverter.csproj", "{1A1BD9D2-8513-4235-96D8-EE7F2E6CAC1F}"
EndProject
Project("{FAE04EC0-301F-11D3-BF4B-00C04F79EFBC}") = "18.TransportPrice", "18.TransportPrice\18.TransportPrice.csproj", "{D4F30E32-667C-4E1C-AFA7-090BAFE793CC}"
EndProject
Project("{FAE04EC0-301F-11D3-BF4B-00C04F79EFBC}") = "19.PoolTubes", "19.PoolTubes\19.PoolTubes.csproj", "{0E87C00B-31E5-406E-AED4-111F23845121}"
EndProject
Project("{FAE04EC0-301F-11D3-BF4B-00C04F79EFBC}") = "19.1PoolTubes", "19.1PoolTubes\19.1PoolTubes.csproj", "{C2ABB0A9-0C62-4327-8C29-582585F71196}"
EndProject
Project("{FAE04EC0-301F-11D3-BF4B-00C04F79EFBC}") = "20.SleepyCatTom", "20.SleepyCatTom\20.SleepyCatTom.csproj", "{045D0CA9-C079-4FC8-8D50-EE9E89FC7543}"
EndProject
Project("{FAE04EC0-301F-11D3-BF4B-00C04F79EFBC}") = "21.Harvest", "21.Harvest\21.Harvest.csproj", "{DF8A5E91-4594-494C-8A56-1E8F0712B889}"
EndProject
Project("{FAE04EC0-301F-11D3-BF4B-00C04F79EFBC}") = "22.Company", "22.Company\22.Company.csproj", "{E4C80A88-3706-411A-9733-083D8C7FC693}"
EndProject
Global
	GlobalSection(SolutionConfigurationPlatforms) = preSolution
		Debug|Any CPU = Debug|Any CPU
		Release|Any CPU = Release|Any CPU
	EndGlobalSection
	GlobalSection(ProjectConfigurationPlatforms) = postSolution
		{20C69C73-1EDC-4A61-8DE4-35F0536658D9}.Debug|Any CPU.ActiveCfg = Debug|Any CPU
		{20C69C73-1EDC-4A61-8DE4-35F0536658D9}.Debug|Any CPU.Build.0 = Debug|Any CPU
		{20C69C73-1EDC-4A61-8DE4-35F0536658D9}.Release|Any CPU.ActiveCfg = Release|Any CPU
		{20C69C73-1EDC-4A61-8DE4-35F0536658D9}.Release|Any CPU.Build.0 = Release|Any CPU
		{B0F62EDD-F9C5-4C64-9571-90A4AA40CD21}.Debug|Any CPU.ActiveCfg = Debug|Any CPU
		{B0F62EDD-F9C5-4C64-9571-90A4AA40CD21}.Debug|Any CPU.Build.0 = Debug|Any CPU
		{B0F62EDD-F9C5-4C64-9571-90A4AA40CD21}.Release|Any CPU.ActiveCfg = Release|Any CPU
		{B0F62EDD-F9C5-4C64-9571-90A4AA40CD21}.Release|Any CPU.Build.0 = Release|Any CPU
		{5CD25DAD-7564-4BC8-B38D-015A033A880F}.Debug|Any CPU.ActiveCfg = Debug|Any CPU
		{5CD25DAD-7564-4BC8-B38D-015A033A880F}.Debug|Any CPU.Build.0 = Debug|Any CPU
		{5CD25DAD-7564-4BC8-B38D-015A033A880F}.Release|Any CPU.ActiveCfg = Release|Any CPU
		{5CD25DAD-7564-4BC8-B38D-015A033A880F}.Release|Any CPU.Build.0 = Release|Any CPU
		{A6F01715-4A4B-41C3-BD15-5DE42AF04562}.Debug|Any CPU.ActiveCfg = Debug|Any CPU
		{A6F01715-4A4B-41C3-BD15-5DE42AF04562}.Debug|Any CPU.Build.0 = Debug|Any CPU
		{A6F01715-4A4B-41C3-BD15-5DE42AF04562}.Release|Any CPU.ActiveCfg = Release|Any CPU
		{A6F01715-4A4B-41C3-BD15-5DE42AF04562}.Release|Any CPU.Build.0 = Release|Any CPU
		{A57E80AE-EA36-4E91-9BAF-21768C76A2CE}.Debug|Any CPU.ActiveCfg = Debug|Any CPU
		{A57E80AE-EA36-4E91-9BAF-21768C76A2CE}.Debug|Any CPU.Build.0 = Debug|Any CPU
		{A57E80AE-EA36-4E91-9BAF-21768C76A2CE}.Release|Any CPU.ActiveCfg = Release|Any CPU
		{A57E80AE-EA36-4E91-9BAF-21768C76A2CE}.Release|Any CPU.Build.0 = Release|Any CPU
		{60F918FF-6384-478F-8389-01F0571CA15D}.Debug|Any CPU.ActiveCfg = Debug|Any CPU
		{60F918FF-6384-478F-8389-01F0571CA15D}.Debug|Any CPU.Build.0 = Debug|Any CPU
		{60F918FF-6384-478F-8389-01F0571CA15D}.Release|Any CPU.ActiveCfg = Release|Any CPU
		{60F918FF-6384-478F-8389-01F0571CA15D}.Release|Any CPU.Build.0 = Release|Any CPU
		{93FD4D6A-7D0C-41B2-B0E4-A0497A07A534}.Debug|Any CPU.ActiveCfg = Debug|Any CPU
		{93FD4D6A-7D0C-41B2-B0E4-A0497A07A534}.Debug|Any CPU.Build.0 = Debug|Any CPU
		{93FD4D6A-7D0C-41B2-B0E4-A0497A07A534}.Release|Any CPU.ActiveCfg = Release|Any CPU
		{93FD4D6A-7D0C-41B2-B0E4-A0497A07A534}.Release|Any CPU.Build.0 = Release|Any CPU
		{CFD7F920-C471-47B9-901A-C078D4A29C74}.Debug|Any CPU.ActiveCfg = Debug|Any CPU
		{CFD7F920-C471-47B9-901A-C078D4A29C74}.Debug|Any CPU.Build.0 = Debug|Any CPU
		{CFD7F920-C471-47B9-901A-C078D4A29C74}.Release|Any CPU.ActiveCfg = Release|Any CPU
		{CFD7F920-C471-47B9-901A-C078D4A29C74}.Release|Any CPU.Build.0 = Release|Any CPU
		{466AEE3D-2B62-4DBD-858D-7B1F979F08F3}.Debug|Any CPU.ActiveCfg = Debug|Any CPU
		{466AEE3D-2B62-4DBD-858D-7B1F979F08F3}.Debug|Any CPU.Build.0 = Debug|Any CPU
		{466AEE3D-2B62-4DBD-858D-7B1F979F08F3}.Release|Any CPU.ActiveCfg = Release|Any CPU
		{466AEE3D-2B62-4DBD-858D-7B1F979F08F3}.Release|Any CPU.Build.0 = Release|Any CPU
		{CC20987C-BE89-4B58-9C51-61A5AE2FE4CD}.Debug|Any CPU.ActiveCfg = Debug|Any CPU
		{CC20987C-BE89-4B58-9C51-61A5AE2FE4CD}.Debug|Any CPU.Build.0 = Debug|Any CPU
		{CC20987C-BE89-4B58-9C51-61A5AE2FE4CD}.Release|Any CPU.ActiveCfg = Release|Any CPU
		{CC20987C-BE89-4B58-9C51-61A5AE2FE4CD}.Release|Any CPU.Build.0 = Release|Any CPU
		{9A5EF4E8-D7FB-4B23-A563-2FEFEC2E4504}.Debug|Any CPU.ActiveCfg = Debug|Any CPU
		{9A5EF4E8-D7FB-4B23-A563-2FEFEC2E4504}.Debug|Any CPU.Build.0 = Debug|Any CPU
		{9A5EF4E8-D7FB-4B23-A563-2FEFEC2E4504}.Release|Any CPU.ActiveCfg = Release|Any CPU
		{9A5EF4E8-D7FB-4B23-A563-2FEFEC2E4504}.Release|Any CPU.Build.0 = Release|Any CPU
		{A63AF0D3-71E1-4DD5-9B2D-EE68D0B8DB90}.Debug|Any CPU.ActiveCfg = Debug|Any CPU
		{A63AF0D3-71E1-4DD5-9B2D-EE68D0B8DB90}.Debug|Any CPU.Build.0 = Debug|Any CPU
		{A63AF0D3-71E1-4DD5-9B2D-EE68D0B8DB90}.Release|Any CPU.ActiveCfg = Release|Any CPU
		{A63AF0D3-71E1-4DD5-9B2D-EE68D0B8DB90}.Release|Any CPU.Build.0 = Release|Any CPU
		{E6CB7709-D4AF-44AA-BD3F-A337B7A90391}.Debug|Any CPU.ActiveCfg = Debug|Any CPU
		{E6CB7709-D4AF-44AA-BD3F-A337B7A90391}.Debug|Any CPU.Build.0 = Debug|Any CPU
		{E6CB7709-D4AF-44AA-BD3F-A337B7A90391}.Release|Any CPU.ActiveCfg = Release|Any CPU
		{E6CB7709-D4AF-44AA-BD3F-A337B7A90391}.Release|Any CPU.Build.0 = Release|Any CPU
		{3735F365-9866-4A6F-8214-BD93042FA951}.Debug|Any CPU.ActiveCfg = Debug|Any CPU
		{3735F365-9866-4A6F-8214-BD93042FA951}.Debug|Any CPU.Build.0 = Debug|Any CPU
		{3735F365-9866-4A6F-8214-BD93042FA951}.Release|Any CPU.ActiveCfg = Release|Any CPU
		{3735F365-9866-4A6F-8214-BD93042FA951}.Release|Any CPU.Build.0 = Release|Any CPU
		{33E058FB-A773-4318-8620-4D8E4DF33B48}.Debug|Any CPU.ActiveCfg = Debug|Any CPU
		{33E058FB-A773-4318-8620-4D8E4DF33B48}.Debug|Any CPU.Build.0 = Debug|Any CPU
		{33E058FB-A773-4318-8620-4D8E4DF33B48}.Release|Any CPU.ActiveCfg = Release|Any CPU
		{33E058FB-A773-4318-8620-4D8E4DF33B48}.Release|Any CPU.Build.0 = Release|Any CPU
		{70602501-D5F9-4170-B218-82935E2E64A6}.Debug|Any CPU.ActiveCfg = Debug|Any CPU
		{70602501-D5F9-4170-B218-82935E2E64A6}.Debug|Any CPU.Build.0 = Debug|Any CPU
		{70602501-D5F9-4170-B218-82935E2E64A6}.Release|Any CPU.ActiveCfg = Release|Any CPU
		{70602501-D5F9-4170-B218-82935E2E64A6}.Release|Any CPU.Build.0 = Release|Any CPU
		{1A1BD9D2-8513-4235-96D8-EE7F2E6CAC1F}.Debug|Any CPU.ActiveCfg = Debug|Any CPU
		{1A1BD9D2-8513-4235-96D8-EE7F2E6CAC1F}.Debug|Any CPU.Build.0 = Debug|Any CPU
		{1A1BD9D2-8513-4235-96D8-EE7F2E6CAC1F}.Release|Any CPU.ActiveCfg = Release|Any CPU
		{1A1BD9D2-8513-4235-96D8-EE7F2E6CAC1F}.Release|Any CPU.Build.0 = Release|Any CPU
		{D4F30E32-667C-4E1C-AFA7-090BAFE793CC}.Debug|Any CPU.ActiveCfg = Debug|Any CPU
		{D4F30E32-667C-4E1C-AFA7-090BAFE793CC}.Debug|Any CPU.Build.0 = Debug|Any CPU
		{D4F30E32-667C-4E1C-AFA7-090BAFE793CC}.Release|Any CPU.ActiveCfg = Release|Any CPU
		{D4F30E32-667C-4E1C-AFA7-090BAFE793CC}.Release|Any CPU.Build.0 = Release|Any CPU
		{0E87C00B-31E5-406E-AED4-111F23845121}.Debug|Any CPU.ActiveCfg = Debug|Any CPU
		{0E87C00B-31E5-406E-AED4-111F23845121}.Debug|Any CPU.Build.0 = Debug|Any CPU
		{0E87C00B-31E5-406E-AED4-111F23845121}.Release|Any CPU.ActiveCfg = Release|Any CPU
		{0E87C00B-31E5-406E-AED4-111F23845121}.Release|Any CPU.Build.0 = Release|Any CPU
		{C2ABB0A9-0C62-4327-8C29-582585F71196}.Debug|Any CPU.ActiveCfg = Debug|Any CPU
		{C2ABB0A9-0C62-4327-8C29-582585F71196}.Debug|Any CPU.Build.0 = Debug|Any CPU
		{C2ABB0A9-0C62-4327-8C29-582585F71196}.Release|Any CPU.ActiveCfg = Release|Any CPU
		{C2ABB0A9-0C62-4327-8C29-582585F71196}.Release|Any CPU.Build.0 = Release|Any CPU
		{045D0CA9-C079-4FC8-8D50-EE9E89FC7543}.Debug|Any CPU.ActiveCfg = Debug|Any CPU
		{045D0CA9-C079-4FC8-8D50-EE9E89FC7543}.Debug|Any CPU.Build.0 = Debug|Any CPU
		{045D0CA9-C079-4FC8-8D50-EE9E89FC7543}.Release|Any CPU.ActiveCfg = Release|Any CPU
		{045D0CA9-C079-4FC8-8D50-EE9E89FC7543}.Release|Any CPU.Build.0 = Release|Any CPU
		{DF8A5E91-4594-494C-8A56-1E8F0712B889}.Debug|Any CPU.ActiveCfg = Debug|Any CPU
		{DF8A5E91-4594-494C-8A56-1E8F0712B889}.Debug|Any CPU.Build.0 = Debug|Any CPU
		{DF8A5E91-4594-494C-8A56-1E8F0712B889}.Release|Any CPU.ActiveCfg = Release|Any CPU
		{DF8A5E91-4594-494C-8A56-1E8F0712B889}.Release|Any CPU.Build.0 = Release|Any CPU
		{E4C80A88-3706-411A-9733-083D8C7FC693}.Debug|Any CPU.ActiveCfg = Debug|Any CPU
		{E4C80A88-3706-411A-9733-083D8C7FC693}.Debug|Any CPU.Build.0 = Debug|Any CPU
		{E4C80A88-3706-411A-9733-083D8C7FC693}.Release|Any CPU.ActiveCfg = Release|Any CPU
		{E4C80A88-3706-411A-9733-083D8C7FC693}.Release|Any CPU.Build.0 = Release|Any CPU
	EndGlobalSection
	GlobalSection(SolutionProperties) = preSolution
		HideSolutionNode = FALSE
	EndGlobalSection
EndGlobal
