
Microsoft Visual Studio Solution File, Format Version 12.00
# Visual Studio 15
VisualStudioVersion = 15.0.28307.102
MinimumVisualStudioVersion = 10.0.40219.1
Project("{9A19103F-16F7-4668-BE54-9A1E7A4F7556}") = "Eventures.Web", "Eventures.Web\Eventures.Web.csproj", "{09BDBA72-67A6-4FB7-8018-E317E6CF1339}"
EndProject
Project("{9A19103F-16F7-4668-BE54-9A1E7A4F7556}") = "Eventures.Data", "Eventures.Data\Eventures.Data.csproj", "{021B0171-DF8E-463C-BBE8-1B6B01082FC3}"
EndProject
Project("{9A19103F-16F7-4668-BE54-9A1E7A4F7556}") = "Eventures.Models", "Eventures.Models\Eventures.Models.csproj", "{CC5889AF-5F7C-4D41-AC40-74F0A826CF88}"
EndProject
Project("{FAE04EC0-301F-11D3-BF4B-00C04F79EFBC}") = "Eventures.Services", "Eventures.Services\Eventures.Services.csproj", "{6A8D1313-6A97-4209-B523-C2B8A4686616}"
EndProject
Global
	GlobalSection(SolutionConfigurationPlatforms) = preSolution
		Debug|Any CPU = Debug|Any CPU
		Release|Any CPU = Release|Any CPU
	EndGlobalSection
	GlobalSection(ProjectConfigurationPlatforms) = postSolution
		{09BDBA72-67A6-4FB7-8018-E317E6CF1339}.Debug|Any CPU.ActiveCfg = Debug|Any CPU
		{09BDBA72-67A6-4FB7-8018-E317E6CF1339}.Debug|Any CPU.Build.0 = Debug|Any CPU
		{09BDBA72-67A6-4FB7-8018-E317E6CF1339}.Release|Any CPU.ActiveCfg = Release|Any CPU
		{09BDBA72-67A6-4FB7-8018-E317E6CF1339}.Release|Any CPU.Build.0 = Release|Any CPU
		{021B0171-DF8E-463C-BBE8-1B6B01082FC3}.Debug|Any CPU.ActiveCfg = Debug|Any CPU
		{021B0171-DF8E-463C-BBE8-1B6B01082FC3}.Debug|Any CPU.Build.0 = Debug|Any CPU
		{021B0171-DF8E-463C-BBE8-1B6B01082FC3}.Release|Any CPU.ActiveCfg = Release|Any CPU
		{021B0171-DF8E-463C-BBE8-1B6B01082FC3}.Release|Any CPU.Build.0 = Release|Any CPU
		{CC5889AF-5F7C-4D41-AC40-74F0A826CF88}.Debug|Any CPU.ActiveCfg = Debug|Any CPU
		{CC5889AF-5F7C-4D41-AC40-74F0A826CF88}.Debug|Any CPU.Build.0 = Debug|Any CPU
		{CC5889AF-5F7C-4D41-AC40-74F0A826CF88}.Release|Any CPU.ActiveCfg = Release|Any CPU
		{CC5889AF-5F7C-4D41-AC40-74F0A826CF88}.Release|Any CPU.Build.0 = Release|Any CPU
		{6A8D1313-6A97-4209-B523-C2B8A4686616}.Debug|Any CPU.ActiveCfg = Debug|Any CPU
		{6A8D1313-6A97-4209-B523-C2B8A4686616}.Debug|Any CPU.Build.0 = Debug|Any CPU
		{6A8D1313-6A97-4209-B523-C2B8A4686616}.Release|Any CPU.ActiveCfg = Release|Any CPU
		{6A8D1313-6A97-4209-B523-C2B8A4686616}.Release|Any CPU.Build.0 = Release|Any CPU
	EndGlobalSection
	GlobalSection(SolutionProperties) = preSolution
		HideSolutionNode = FALSE
	EndGlobalSection
	GlobalSection(ExtensibilityGlobals) = postSolution
		SolutionGuid = {88DA9C13-A169-4EA1-ACDA-DADDBB94E6E2}
	EndGlobalSection
EndGlobal
