
Microsoft Visual Studio Solution File, Format Version 12.00
# Visual Studio 15
VisualStudioVersion = 15.0.28010.2036
MinimumVisualStudioVersion = 10.0.40219.1
Project("{FAE04EC0-301F-11D3-BF4B-00C04F79EFBC}") = "EventuresWebApp.Web", "EventuresWebApp\EventuresWebApp.Web.csproj", "{6B4F6E82-795D-4F8D-B3AA-6A23A8FA4C72}"
EndProject
Project("{FAE04EC0-301F-11D3-BF4B-00C04F79EFBC}") = "EventuresWebApp.Data", "EventuresWebApp.Data\EventuresWebApp.Data.csproj", "{F0825927-991C-42DB-9D90-72E856113721}"
EndProject
Project("{FAE04EC0-301F-11D3-BF4B-00C04F79EFBC}") = "EventuresWebApp.Models", "EventuresWebApp.Models\EventuresWebApp.Models.csproj", "{59A7F531-0341-4F74-B755-3EF8B5247F0D}"
EndProject
Project("{FAE04EC0-301F-11D3-BF4B-00C04F79EFBC}") = "EventuresWebApp.Services", "EventuresWebApp.Services\EventuresWebApp.Services.csproj", "{B8ACBEF5-705A-4617-A945-04283E39A528}"
EndProject
Global
	GlobalSection(SolutionConfigurationPlatforms) = preSolution
		Debug|Any CPU = Debug|Any CPU
		Release|Any CPU = Release|Any CPU
	EndGlobalSection
	GlobalSection(ProjectConfigurationPlatforms) = postSolution
		{6B4F6E82-795D-4F8D-B3AA-6A23A8FA4C72}.Debug|Any CPU.ActiveCfg = Debug|Any CPU
		{6B4F6E82-795D-4F8D-B3AA-6A23A8FA4C72}.Debug|Any CPU.Build.0 = Debug|Any CPU
		{6B4F6E82-795D-4F8D-B3AA-6A23A8FA4C72}.Release|Any CPU.ActiveCfg = Release|Any CPU
		{6B4F6E82-795D-4F8D-B3AA-6A23A8FA4C72}.Release|Any CPU.Build.0 = Release|Any CPU
		{F0825927-991C-42DB-9D90-72E856113721}.Debug|Any CPU.ActiveCfg = Debug|Any CPU
		{F0825927-991C-42DB-9D90-72E856113721}.Debug|Any CPU.Build.0 = Debug|Any CPU
		{F0825927-991C-42DB-9D90-72E856113721}.Release|Any CPU.ActiveCfg = Release|Any CPU
		{F0825927-991C-42DB-9D90-72E856113721}.Release|Any CPU.Build.0 = Release|Any CPU
		{59A7F531-0341-4F74-B755-3EF8B5247F0D}.Debug|Any CPU.ActiveCfg = Debug|Any CPU
		{59A7F531-0341-4F74-B755-3EF8B5247F0D}.Debug|Any CPU.Build.0 = Debug|Any CPU
		{59A7F531-0341-4F74-B755-3EF8B5247F0D}.Release|Any CPU.ActiveCfg = Release|Any CPU
		{59A7F531-0341-4F74-B755-3EF8B5247F0D}.Release|Any CPU.Build.0 = Release|Any CPU
		{B8ACBEF5-705A-4617-A945-04283E39A528}.Debug|Any CPU.ActiveCfg = Debug|Any CPU
		{B8ACBEF5-705A-4617-A945-04283E39A528}.Debug|Any CPU.Build.0 = Debug|Any CPU
		{B8ACBEF5-705A-4617-A945-04283E39A528}.Release|Any CPU.ActiveCfg = Release|Any CPU
		{B8ACBEF5-705A-4617-A945-04283E39A528}.Release|Any CPU.Build.0 = Release|Any CPU
	EndGlobalSection
	GlobalSection(SolutionProperties) = preSolution
		HideSolutionNode = FALSE
	EndGlobalSection
	GlobalSection(ExtensibilityGlobals) = postSolution
		SolutionGuid = {33B17970-52BA-4E7C-B7A1-1DD5645F0C19}
	EndGlobalSection
EndGlobal
