
Microsoft Visual Studio Solution File, Format Version 12.00
# Visual Studio 15
VisualStudioVersion = 15.0.27130.2036
MinimumVisualStudioVersion = 10.0.40219.1
Project("{9A19103F-16F7-4668-BE54-9A1E7A4F7556}") = "Test", "Test\Test.csproj", "{F86C1227-B1E2-4C52-B7FB-A0476552F09C}"
EndProject
Project("{9A19103F-16F7-4668-BE54-9A1E7A4F7556}") = "01.DefineInInterfaceIPerson", "01.DefineInInterfaceIPerson\01.DefineInInterfaceIPerson.csproj", "{407CF85C-F640-436A-9CEC-BC2430520158}"
EndProject
Project("{9A19103F-16F7-4668-BE54-9A1E7A4F7556}") = "00.Shapes", "00.Shapes\00.Shapes.csproj", "{78873424-296E-4199-B3DE-2974D5450E68}"
EndProject
Project("{9A19103F-16F7-4668-BE54-9A1E7A4F7556}") = "00.Cars", "00.Cars\00.Cars.csproj", "{CDABE609-59D0-417D-9E4B-AB5C1AED7E57}"
EndProject
Project("{9A19103F-16F7-4668-BE54-9A1E7A4F7556}") = "02.MultipleImplementation", "02.MultipleImplementation\02.MultipleImplementation.csproj", "{51D94D2F-D029-457E-9329-68F0087862CD}"
EndProject
Project("{9A19103F-16F7-4668-BE54-9A1E7A4F7556}") = "03.Ferrari", "03.Ferrari\03.Ferrari.csproj", "{77A5A225-C9AF-4E85-A196-4F1F1D26284A}"
EndProject
Project("{9A19103F-16F7-4668-BE54-9A1E7A4F7556}") = "04.Telephony", "04.Telephony\04.Telephony.csproj", "{7A600162-3104-4CD2-9884-AF383B3D4CF2}"
EndProject
Project("{9A19103F-16F7-4668-BE54-9A1E7A4F7556}") = "CommandInterpreter", "CommandInterpreter\CommandInterpreter.csproj", "{4F48B5F9-7E8C-4E9F-BDD5-991420F5868A}"
EndProject
Project("{9A19103F-16F7-4668-BE54-9A1E7A4F7556}") = "05.BorderControl", "05.BorderControl\05.BorderControl.csproj", "{5287786E-3A3F-4EB3-A040-E24683AA7509}"
EndProject
Project("{9A19103F-16F7-4668-BE54-9A1E7A4F7556}") = "07.FoodShortage", "07.FoodShortage\07.FoodShortage.csproj", "{44ADCF05-087D-40C7-A476-CE545797876F}"
EndProject
Project("{9A19103F-16F7-4668-BE54-9A1E7A4F7556}") = "08.MilitaryElite", "08.MilitaryElite\08.MilitaryElite.csproj", "{5FDA2C43-E3A5-474B-94C6-46E92E70F650}"
EndProject
Project("{9A19103F-16F7-4668-BE54-9A1E7A4F7556}") = "09.CollectionHierarchy", "09.CollectionHierarchy\09.CollectionHierarchy.csproj", "{200E5EFD-C2D7-45D8-894D-05069F27097E}"
EndProject
Project("{9A19103F-16F7-4668-BE54-9A1E7A4F7556}") = "06.BirthdayCelebrations", "06.BirthdayCelebrations\06.BirthdayCelebrations.csproj", "{7BD6F0F2-2785-4E43-967F-0F5445234574}"
EndProject
Project("{9A19103F-16F7-4668-BE54-9A1E7A4F7556}") = "10.ExplicitInterfaces", "10.ExplicitInterfaces\10.ExplicitInterfaces.csproj", "{3A945E77-0177-44E6-955E-3B0EB03E143D}"
EndProject
Project("{9A19103F-16F7-4668-BE54-9A1E7A4F7556}") = "01.1.DefineInInterfaceIPerson", "01.1.DefineInInterfaceIPerson\01.1.DefineInInterfaceIPerson.csproj", "{CD62AD87-E908-48D5-95AB-666F2DEA4E59}"
EndProject
Project("{9A19103F-16F7-4668-BE54-9A1E7A4F7556}") = "02.1.MultipleImplementation", "02.1.MultipleImplementation\02.1.MultipleImplementation.csproj", "{B64AB03D-901B-4914-A63E-A29483DD93B8}"
EndProject
Project("{9A19103F-16F7-4668-BE54-9A1E7A4F7556}") = "03.1.Ferrari", "03.1.Ferrari\03.1.Ferrari.csproj", "{9536D387-47D5-4389-BBEE-503F15E337D6}"
EndProject
Project("{9A19103F-16F7-4668-BE54-9A1E7A4F7556}") = "04.1.Telephony", "04.1.Telephony\04.1.Telephony.csproj", "{C9583AF2-F673-4C05-8850-D49718E1D438}"
EndProject
Project("{9A19103F-16F7-4668-BE54-9A1E7A4F7556}") = "05.1.BorderControl", "05.1.BorderControl\05.1.BorderControl.csproj", "{48E7B3CE-E3DC-4D7B-8B86-550F88470523}"
EndProject
Project("{FAE04EC0-301F-11D3-BF4B-00C04F79EFBC}") = "06.1.BirthdayCelebrations", "06.1.BirthdayCelebrations\06.1.BirthdayCelebrations.csproj", "{42231DB6-434E-4D1B-9A7F-66B0CFA9A51E}"
EndProject
Project("{FAE04EC0-301F-11D3-BF4B-00C04F79EFBC}") = "07.1.FoodShortage", "07.1.FoodShortage\07.1.FoodShortage.csproj", "{D08C02B7-8CED-4527-B88D-5C5D44775AFF}"
EndProject
Global
	GlobalSection(SolutionConfigurationPlatforms) = preSolution
		Debug|Any CPU = Debug|Any CPU
		Release|Any CPU = Release|Any CPU
	EndGlobalSection
	GlobalSection(ProjectConfigurationPlatforms) = postSolution
		{F86C1227-B1E2-4C52-B7FB-A0476552F09C}.Debug|Any CPU.ActiveCfg = Debug|Any CPU
		{F86C1227-B1E2-4C52-B7FB-A0476552F09C}.Debug|Any CPU.Build.0 = Debug|Any CPU
		{F86C1227-B1E2-4C52-B7FB-A0476552F09C}.Release|Any CPU.ActiveCfg = Release|Any CPU
		{F86C1227-B1E2-4C52-B7FB-A0476552F09C}.Release|Any CPU.Build.0 = Release|Any CPU
		{407CF85C-F640-436A-9CEC-BC2430520158}.Debug|Any CPU.ActiveCfg = Debug|Any CPU
		{407CF85C-F640-436A-9CEC-BC2430520158}.Debug|Any CPU.Build.0 = Debug|Any CPU
		{407CF85C-F640-436A-9CEC-BC2430520158}.Release|Any CPU.ActiveCfg = Release|Any CPU
		{407CF85C-F640-436A-9CEC-BC2430520158}.Release|Any CPU.Build.0 = Release|Any CPU
		{78873424-296E-4199-B3DE-2974D5450E68}.Debug|Any CPU.ActiveCfg = Debug|Any CPU
		{78873424-296E-4199-B3DE-2974D5450E68}.Debug|Any CPU.Build.0 = Debug|Any CPU
		{78873424-296E-4199-B3DE-2974D5450E68}.Release|Any CPU.ActiveCfg = Release|Any CPU
		{78873424-296E-4199-B3DE-2974D5450E68}.Release|Any CPU.Build.0 = Release|Any CPU
		{CDABE609-59D0-417D-9E4B-AB5C1AED7E57}.Debug|Any CPU.ActiveCfg = Debug|Any CPU
		{CDABE609-59D0-417D-9E4B-AB5C1AED7E57}.Debug|Any CPU.Build.0 = Debug|Any CPU
		{CDABE609-59D0-417D-9E4B-AB5C1AED7E57}.Release|Any CPU.ActiveCfg = Release|Any CPU
		{CDABE609-59D0-417D-9E4B-AB5C1AED7E57}.Release|Any CPU.Build.0 = Release|Any CPU
		{51D94D2F-D029-457E-9329-68F0087862CD}.Debug|Any CPU.ActiveCfg = Debug|Any CPU
		{51D94D2F-D029-457E-9329-68F0087862CD}.Debug|Any CPU.Build.0 = Debug|Any CPU
		{51D94D2F-D029-457E-9329-68F0087862CD}.Release|Any CPU.ActiveCfg = Release|Any CPU
		{51D94D2F-D029-457E-9329-68F0087862CD}.Release|Any CPU.Build.0 = Release|Any CPU
		{77A5A225-C9AF-4E85-A196-4F1F1D26284A}.Debug|Any CPU.ActiveCfg = Debug|Any CPU
		{77A5A225-C9AF-4E85-A196-4F1F1D26284A}.Debug|Any CPU.Build.0 = Debug|Any CPU
		{77A5A225-C9AF-4E85-A196-4F1F1D26284A}.Release|Any CPU.ActiveCfg = Release|Any CPU
		{77A5A225-C9AF-4E85-A196-4F1F1D26284A}.Release|Any CPU.Build.0 = Release|Any CPU
		{7A600162-3104-4CD2-9884-AF383B3D4CF2}.Debug|Any CPU.ActiveCfg = Debug|Any CPU
		{7A600162-3104-4CD2-9884-AF383B3D4CF2}.Debug|Any CPU.Build.0 = Debug|Any CPU
		{7A600162-3104-4CD2-9884-AF383B3D4CF2}.Release|Any CPU.ActiveCfg = Release|Any CPU
		{7A600162-3104-4CD2-9884-AF383B3D4CF2}.Release|Any CPU.Build.0 = Release|Any CPU
		{4F48B5F9-7E8C-4E9F-BDD5-991420F5868A}.Debug|Any CPU.ActiveCfg = Debug|Any CPU
		{4F48B5F9-7E8C-4E9F-BDD5-991420F5868A}.Debug|Any CPU.Build.0 = Debug|Any CPU
		{4F48B5F9-7E8C-4E9F-BDD5-991420F5868A}.Release|Any CPU.ActiveCfg = Release|Any CPU
		{4F48B5F9-7E8C-4E9F-BDD5-991420F5868A}.Release|Any CPU.Build.0 = Release|Any CPU
		{5287786E-3A3F-4EB3-A040-E24683AA7509}.Debug|Any CPU.ActiveCfg = Debug|Any CPU
		{5287786E-3A3F-4EB3-A040-E24683AA7509}.Debug|Any CPU.Build.0 = Debug|Any CPU
		{5287786E-3A3F-4EB3-A040-E24683AA7509}.Release|Any CPU.ActiveCfg = Release|Any CPU
		{5287786E-3A3F-4EB3-A040-E24683AA7509}.Release|Any CPU.Build.0 = Release|Any CPU
		{44ADCF05-087D-40C7-A476-CE545797876F}.Debug|Any CPU.ActiveCfg = Debug|Any CPU
		{44ADCF05-087D-40C7-A476-CE545797876F}.Debug|Any CPU.Build.0 = Debug|Any CPU
		{44ADCF05-087D-40C7-A476-CE545797876F}.Release|Any CPU.ActiveCfg = Release|Any CPU
		{44ADCF05-087D-40C7-A476-CE545797876F}.Release|Any CPU.Build.0 = Release|Any CPU
		{5FDA2C43-E3A5-474B-94C6-46E92E70F650}.Debug|Any CPU.ActiveCfg = Debug|Any CPU
		{5FDA2C43-E3A5-474B-94C6-46E92E70F650}.Debug|Any CPU.Build.0 = Debug|Any CPU
		{5FDA2C43-E3A5-474B-94C6-46E92E70F650}.Release|Any CPU.ActiveCfg = Release|Any CPU
		{5FDA2C43-E3A5-474B-94C6-46E92E70F650}.Release|Any CPU.Build.0 = Release|Any CPU
		{200E5EFD-C2D7-45D8-894D-05069F27097E}.Debug|Any CPU.ActiveCfg = Debug|Any CPU
		{200E5EFD-C2D7-45D8-894D-05069F27097E}.Debug|Any CPU.Build.0 = Debug|Any CPU
		{200E5EFD-C2D7-45D8-894D-05069F27097E}.Release|Any CPU.ActiveCfg = Release|Any CPU
		{200E5EFD-C2D7-45D8-894D-05069F27097E}.Release|Any CPU.Build.0 = Release|Any CPU
		{7BD6F0F2-2785-4E43-967F-0F5445234574}.Debug|Any CPU.ActiveCfg = Debug|Any CPU
		{7BD6F0F2-2785-4E43-967F-0F5445234574}.Debug|Any CPU.Build.0 = Debug|Any CPU
		{7BD6F0F2-2785-4E43-967F-0F5445234574}.Release|Any CPU.ActiveCfg = Release|Any CPU
		{7BD6F0F2-2785-4E43-967F-0F5445234574}.Release|Any CPU.Build.0 = Release|Any CPU
		{3A945E77-0177-44E6-955E-3B0EB03E143D}.Debug|Any CPU.ActiveCfg = Debug|Any CPU
		{3A945E77-0177-44E6-955E-3B0EB03E143D}.Debug|Any CPU.Build.0 = Debug|Any CPU
		{3A945E77-0177-44E6-955E-3B0EB03E143D}.Release|Any CPU.ActiveCfg = Release|Any CPU
		{3A945E77-0177-44E6-955E-3B0EB03E143D}.Release|Any CPU.Build.0 = Release|Any CPU
		{CD62AD87-E908-48D5-95AB-666F2DEA4E59}.Debug|Any CPU.ActiveCfg = Debug|Any CPU
		{CD62AD87-E908-48D5-95AB-666F2DEA4E59}.Debug|Any CPU.Build.0 = Debug|Any CPU
		{CD62AD87-E908-48D5-95AB-666F2DEA4E59}.Release|Any CPU.ActiveCfg = Release|Any CPU
		{CD62AD87-E908-48D5-95AB-666F2DEA4E59}.Release|Any CPU.Build.0 = Release|Any CPU
		{B64AB03D-901B-4914-A63E-A29483DD93B8}.Debug|Any CPU.ActiveCfg = Debug|Any CPU
		{B64AB03D-901B-4914-A63E-A29483DD93B8}.Debug|Any CPU.Build.0 = Debug|Any CPU
		{B64AB03D-901B-4914-A63E-A29483DD93B8}.Release|Any CPU.ActiveCfg = Release|Any CPU
		{B64AB03D-901B-4914-A63E-A29483DD93B8}.Release|Any CPU.Build.0 = Release|Any CPU
		{9536D387-47D5-4389-BBEE-503F15E337D6}.Debug|Any CPU.ActiveCfg = Debug|Any CPU
		{9536D387-47D5-4389-BBEE-503F15E337D6}.Debug|Any CPU.Build.0 = Debug|Any CPU
		{9536D387-47D5-4389-BBEE-503F15E337D6}.Release|Any CPU.ActiveCfg = Release|Any CPU
		{9536D387-47D5-4389-BBEE-503F15E337D6}.Release|Any CPU.Build.0 = Release|Any CPU
		{C9583AF2-F673-4C05-8850-D49718E1D438}.Debug|Any CPU.ActiveCfg = Debug|Any CPU
		{C9583AF2-F673-4C05-8850-D49718E1D438}.Debug|Any CPU.Build.0 = Debug|Any CPU
		{C9583AF2-F673-4C05-8850-D49718E1D438}.Release|Any CPU.ActiveCfg = Release|Any CPU
		{C9583AF2-F673-4C05-8850-D49718E1D438}.Release|Any CPU.Build.0 = Release|Any CPU
		{48E7B3CE-E3DC-4D7B-8B86-550F88470523}.Debug|Any CPU.ActiveCfg = Debug|Any CPU
		{48E7B3CE-E3DC-4D7B-8B86-550F88470523}.Debug|Any CPU.Build.0 = Debug|Any CPU
		{48E7B3CE-E3DC-4D7B-8B86-550F88470523}.Release|Any CPU.ActiveCfg = Release|Any CPU
		{48E7B3CE-E3DC-4D7B-8B86-550F88470523}.Release|Any CPU.Build.0 = Release|Any CPU
		{42231DB6-434E-4D1B-9A7F-66B0CFA9A51E}.Debug|Any CPU.ActiveCfg = Debug|Any CPU
		{42231DB6-434E-4D1B-9A7F-66B0CFA9A51E}.Debug|Any CPU.Build.0 = Debug|Any CPU
		{42231DB6-434E-4D1B-9A7F-66B0CFA9A51E}.Release|Any CPU.ActiveCfg = Release|Any CPU
		{42231DB6-434E-4D1B-9A7F-66B0CFA9A51E}.Release|Any CPU.Build.0 = Release|Any CPU
		{D08C02B7-8CED-4527-B88D-5C5D44775AFF}.Debug|Any CPU.ActiveCfg = Debug|Any CPU
		{D08C02B7-8CED-4527-B88D-5C5D44775AFF}.Debug|Any CPU.Build.0 = Debug|Any CPU
		{D08C02B7-8CED-4527-B88D-5C5D44775AFF}.Release|Any CPU.ActiveCfg = Release|Any CPU
		{D08C02B7-8CED-4527-B88D-5C5D44775AFF}.Release|Any CPU.Build.0 = Release|Any CPU
	EndGlobalSection
	GlobalSection(SolutionProperties) = preSolution
		HideSolutionNode = FALSE
	EndGlobalSection
	GlobalSection(ExtensibilityGlobals) = postSolution
		SolutionGuid = {1389F989-75D6-41ED-807C-3770933375E0}
	EndGlobalSection
EndGlobal
