
Microsoft Visual Studio Solution File, Format Version 12.00
# Visual Studio 15
VisualStudioVersion = 15.0.27004.2002
MinimumVisualStudioVersion = 10.0.40219.1
Project("{FAE04EC0-301F-11D3-BF4B-00C04F79EFBC}") = "01.ReverseString", "01.ReverseString\01.ReverseString.csproj", "{7462762C-97EF-404E-B686-D2ED8FDBCAF5}"
EndProject
Project("{FAE04EC0-301F-11D3-BF4B-00C04F79EFBC}") = "02.CountSubstringOccurrences", "02.CountSubstringOccurrences\02.CountSubstringOccurrences.csproj", "{074AD287-72F3-402A-858A-16EDD65E9715}"
EndProject
Project("{FAE04EC0-301F-11D3-BF4B-00C04F79EFBC}") = "03.TextFilter", "03.TextFilter\03.TextFilter.csproj", "{73816FA0-4A2C-4B16-9A6F-E9653BDA26C3}"
EndProject
Project("{FAE04EC0-301F-11D3-BF4B-00C04F79EFBC}") = "04.Palindromes", "04.Palindromes\04.Palindromes.csproj", "{425E86E1-83EB-48B6-9992-67435CDEC3B2}"
EndProject
Project("{FAE04EC0-301F-11D3-BF4B-00C04F79EFBC}") = "stringCompare", "stringCompare\stringCompare.csproj", "{E71D1E65-BB8C-4B1D-82E3-E87388079C3F}"
EndProject
Global
	GlobalSection(SolutionConfigurationPlatforms) = preSolution
		Debug|Any CPU = Debug|Any CPU
		Release|Any CPU = Release|Any CPU
	EndGlobalSection
	GlobalSection(ProjectConfigurationPlatforms) = postSolution
		{7462762C-97EF-404E-B686-D2ED8FDBCAF5}.Debug|Any CPU.ActiveCfg = Debug|Any CPU
		{7462762C-97EF-404E-B686-D2ED8FDBCAF5}.Debug|Any CPU.Build.0 = Debug|Any CPU
		{7462762C-97EF-404E-B686-D2ED8FDBCAF5}.Release|Any CPU.ActiveCfg = Release|Any CPU
		{7462762C-97EF-404E-B686-D2ED8FDBCAF5}.Release|Any CPU.Build.0 = Release|Any CPU
		{074AD287-72F3-402A-858A-16EDD65E9715}.Debug|Any CPU.ActiveCfg = Debug|Any CPU
		{074AD287-72F3-402A-858A-16EDD65E9715}.Debug|Any CPU.Build.0 = Debug|Any CPU
		{074AD287-72F3-402A-858A-16EDD65E9715}.Release|Any CPU.ActiveCfg = Release|Any CPU
		{074AD287-72F3-402A-858A-16EDD65E9715}.Release|Any CPU.Build.0 = Release|Any CPU
		{73816FA0-4A2C-4B16-9A6F-E9653BDA26C3}.Debug|Any CPU.ActiveCfg = Debug|Any CPU
		{73816FA0-4A2C-4B16-9A6F-E9653BDA26C3}.Debug|Any CPU.Build.0 = Debug|Any CPU
		{73816FA0-4A2C-4B16-9A6F-E9653BDA26C3}.Release|Any CPU.ActiveCfg = Release|Any CPU
		{73816FA0-4A2C-4B16-9A6F-E9653BDA26C3}.Release|Any CPU.Build.0 = Release|Any CPU
		{425E86E1-83EB-48B6-9992-67435CDEC3B2}.Debug|Any CPU.ActiveCfg = Debug|Any CPU
		{425E86E1-83EB-48B6-9992-67435CDEC3B2}.Debug|Any CPU.Build.0 = Debug|Any CPU
		{425E86E1-83EB-48B6-9992-67435CDEC3B2}.Release|Any CPU.ActiveCfg = Release|Any CPU
		{425E86E1-83EB-48B6-9992-67435CDEC3B2}.Release|Any CPU.Build.0 = Release|Any CPU
		{E71D1E65-BB8C-4B1D-82E3-E87388079C3F}.Debug|Any CPU.ActiveCfg = Debug|Any CPU
		{E71D1E65-BB8C-4B1D-82E3-E87388079C3F}.Debug|Any CPU.Build.0 = Debug|Any CPU
		{E71D1E65-BB8C-4B1D-82E3-E87388079C3F}.Release|Any CPU.ActiveCfg = Release|Any CPU
		{E71D1E65-BB8C-4B1D-82E3-E87388079C3F}.Release|Any CPU.Build.0 = Release|Any CPU
	EndGlobalSection
	GlobalSection(SolutionProperties) = preSolution
		HideSolutionNode = FALSE
	EndGlobalSection
	GlobalSection(ExtensibilityGlobals) = postSolution
		SolutionGuid = {EE593C9A-C7F9-4185-A3E3-D0BD5FCCAA2C}
	EndGlobalSection
EndGlobal
