
Microsoft Visual Studio Solution File, Format Version 12.00
# Visual Studio 15
VisualStudioVersion = 15.0.27004.2002
MinimumVisualStudioVersion = 10.0.40219.1
Project("{FAE04EC0-301F-11D3-BF4B-00C04F79EFBC}") = "01.ExtractEmails", "01.ExtractEmails\01.ExtractEmails.csproj", "{68166BBE-149C-454D-86B8-99C7EC82BC2B}"
EndProject
Project("{FAE04EC0-301F-11D3-BF4B-00C04F79EFBC}") = "02.ExtractSentencesByKeyword", "02.ExtractSentencesByKeyword\02.ExtractSentencesByKeyword.csproj", "{91487682-342D-4D2E-92C2-2D347F5CBC03}"
EndProject
Project("{FAE04EC0-301F-11D3-BF4B-00C04F79EFBC}") = "03.CameraView", "03.CameraView\03.CameraView.csproj", "{8967F1F0-713C-45C1-A28D-3343DC6866F4}"
EndProject
Project("{FAE04EC0-301F-11D3-BF4B-00C04F79EFBC}") = "04.Weather", "04.Weather\04.Weather.csproj", "{DBE3FAC4-7357-44D0-B1AB-D7B631520E0B}"
EndProject
Project("{FAE04EC0-301F-11D3-BF4B-00C04F79EFBC}") = "05.KeyReplacer", "05.KeyReplacer\05.KeyReplacer.csproj", "{254769B9-4B7C-4E4D-988A-7A90DA3A5E06}"
EndProject
Project("{FAE04EC0-301F-11D3-BF4B-00C04F79EFBC}") = "06.ValidUsernames", "06.ValidUsernames\06.ValidUsernames.csproj", "{7B304D6C-51A1-4A18-B7D1-680174AA80D4}"
EndProject
Project("{FAE04EC0-301F-11D3-BF4B-00C04F79EFBC}") = "07.QueryMess", "07.QueryMess\07.QueryMess.csproj", "{A3219AB1-F2A2-4B9A-AF4F-20F669F5AC30}"
EndProject
Project("{FAE04EC0-301F-11D3-BF4B-00C04F79EFBC}") = "8.UseYourChainsBuddy", "8.UseYourChainsBuddy\8.UseYourChainsBuddy.csproj", "{541B8592-3D9F-4B57-BD18-C84EE83280F9}"
EndProject
Project("{FAE04EC0-301F-11D3-BF4B-00C04F79EFBC}") = "test", "test\test.csproj", "{9F2E5B29-D3DB-410B-8D99-8BFFFB764EBC}"
EndProject
Project("{FAE04EC0-301F-11D3-BF4B-00C04F79EFBC}") = "04.1.WeatherWithClassSolution", "04.1.WeatherWithClassSolution\04.1.WeatherWithClassSolution.csproj", "{3A84B373-C298-429C-84C2-5663A874EDC4}"
EndProject
Project("{FAE04EC0-301F-11D3-BF4B-00C04F79EFBC}") = "03.1.CameraView", "03.1.CameraView\03.1.CameraView.csproj", "{CF6DAF26-29C7-4E20-9EFB-57FF432474BA}"
EndProject
Project("{FAE04EC0-301F-11D3-BF4B-00C04F79EFBC}") = "01.CardsExtended", "01.CardsExtended\01.CardsExtended.csproj", "{28BCC74F-4EE8-4D87-B422-A4755A00B3AD}"
EndProject
Project("{FAE04EC0-301F-11D3-BF4B-00C04F79EFBC}") = "02.WordEncounterExtended", "02.WordEncounterExtended\02.WordEncounterExtended.csproj", "{8BD65745-330E-4DC7-828E-C19210988FD4}"
EndProject
Project("{FAE04EC0-301F-11D3-BF4B-00C04F79EFBC}") = "03.BoomingCannonExtended", "03.BoomingCannonExtended\03.BoomingCannonExtended.csproj", "{4CCCC940-0A41-47C5-AD33-31BA413B7DCC}"
EndProject
Project("{FAE04EC0-301F-11D3-BF4B-00C04F79EFBC}") = "04.GroceryShopExtended", "04.GroceryShopExtended\04.GroceryShopExtended.csproj", "{4EB1A63C-55F5-43B2-9976-E45324005456}"
EndProject
Global
	GlobalSection(SolutionConfigurationPlatforms) = preSolution
		Debug|Any CPU = Debug|Any CPU
		Release|Any CPU = Release|Any CPU
	EndGlobalSection
	GlobalSection(ProjectConfigurationPlatforms) = postSolution
		{68166BBE-149C-454D-86B8-99C7EC82BC2B}.Debug|Any CPU.ActiveCfg = Debug|Any CPU
		{68166BBE-149C-454D-86B8-99C7EC82BC2B}.Debug|Any CPU.Build.0 = Debug|Any CPU
		{68166BBE-149C-454D-86B8-99C7EC82BC2B}.Release|Any CPU.ActiveCfg = Release|Any CPU
		{68166BBE-149C-454D-86B8-99C7EC82BC2B}.Release|Any CPU.Build.0 = Release|Any CPU
		{91487682-342D-4D2E-92C2-2D347F5CBC03}.Debug|Any CPU.ActiveCfg = Debug|Any CPU
		{91487682-342D-4D2E-92C2-2D347F5CBC03}.Debug|Any CPU.Build.0 = Debug|Any CPU
		{91487682-342D-4D2E-92C2-2D347F5CBC03}.Release|Any CPU.ActiveCfg = Release|Any CPU
		{91487682-342D-4D2E-92C2-2D347F5CBC03}.Release|Any CPU.Build.0 = Release|Any CPU
		{8967F1F0-713C-45C1-A28D-3343DC6866F4}.Debug|Any CPU.ActiveCfg = Debug|Any CPU
		{8967F1F0-713C-45C1-A28D-3343DC6866F4}.Debug|Any CPU.Build.0 = Debug|Any CPU
		{8967F1F0-713C-45C1-A28D-3343DC6866F4}.Release|Any CPU.ActiveCfg = Release|Any CPU
		{8967F1F0-713C-45C1-A28D-3343DC6866F4}.Release|Any CPU.Build.0 = Release|Any CPU
		{DBE3FAC4-7357-44D0-B1AB-D7B631520E0B}.Debug|Any CPU.ActiveCfg = Debug|Any CPU
		{DBE3FAC4-7357-44D0-B1AB-D7B631520E0B}.Debug|Any CPU.Build.0 = Debug|Any CPU
		{DBE3FAC4-7357-44D0-B1AB-D7B631520E0B}.Release|Any CPU.ActiveCfg = Release|Any CPU
		{DBE3FAC4-7357-44D0-B1AB-D7B631520E0B}.Release|Any CPU.Build.0 = Release|Any CPU
		{254769B9-4B7C-4E4D-988A-7A90DA3A5E06}.Debug|Any CPU.ActiveCfg = Debug|Any CPU
		{254769B9-4B7C-4E4D-988A-7A90DA3A5E06}.Debug|Any CPU.Build.0 = Debug|Any CPU
		{254769B9-4B7C-4E4D-988A-7A90DA3A5E06}.Release|Any CPU.ActiveCfg = Release|Any CPU
		{254769B9-4B7C-4E4D-988A-7A90DA3A5E06}.Release|Any CPU.Build.0 = Release|Any CPU
		{7B304D6C-51A1-4A18-B7D1-680174AA80D4}.Debug|Any CPU.ActiveCfg = Debug|Any CPU
		{7B304D6C-51A1-4A18-B7D1-680174AA80D4}.Debug|Any CPU.Build.0 = Debug|Any CPU
		{7B304D6C-51A1-4A18-B7D1-680174AA80D4}.Release|Any CPU.ActiveCfg = Release|Any CPU
		{7B304D6C-51A1-4A18-B7D1-680174AA80D4}.Release|Any CPU.Build.0 = Release|Any CPU
		{A3219AB1-F2A2-4B9A-AF4F-20F669F5AC30}.Debug|Any CPU.ActiveCfg = Debug|Any CPU
		{A3219AB1-F2A2-4B9A-AF4F-20F669F5AC30}.Debug|Any CPU.Build.0 = Debug|Any CPU
		{A3219AB1-F2A2-4B9A-AF4F-20F669F5AC30}.Release|Any CPU.ActiveCfg = Release|Any CPU
		{A3219AB1-F2A2-4B9A-AF4F-20F669F5AC30}.Release|Any CPU.Build.0 = Release|Any CPU
		{541B8592-3D9F-4B57-BD18-C84EE83280F9}.Debug|Any CPU.ActiveCfg = Debug|Any CPU
		{541B8592-3D9F-4B57-BD18-C84EE83280F9}.Debug|Any CPU.Build.0 = Debug|Any CPU
		{541B8592-3D9F-4B57-BD18-C84EE83280F9}.Release|Any CPU.ActiveCfg = Release|Any CPU
		{541B8592-3D9F-4B57-BD18-C84EE83280F9}.Release|Any CPU.Build.0 = Release|Any CPU
		{9F2E5B29-D3DB-410B-8D99-8BFFFB764EBC}.Debug|Any CPU.ActiveCfg = Debug|Any CPU
		{9F2E5B29-D3DB-410B-8D99-8BFFFB764EBC}.Debug|Any CPU.Build.0 = Debug|Any CPU
		{9F2E5B29-D3DB-410B-8D99-8BFFFB764EBC}.Release|Any CPU.ActiveCfg = Release|Any CPU
		{9F2E5B29-D3DB-410B-8D99-8BFFFB764EBC}.Release|Any CPU.Build.0 = Release|Any CPU
		{3A84B373-C298-429C-84C2-5663A874EDC4}.Debug|Any CPU.ActiveCfg = Debug|Any CPU
		{3A84B373-C298-429C-84C2-5663A874EDC4}.Debug|Any CPU.Build.0 = Debug|Any CPU
		{3A84B373-C298-429C-84C2-5663A874EDC4}.Release|Any CPU.ActiveCfg = Release|Any CPU
		{3A84B373-C298-429C-84C2-5663A874EDC4}.Release|Any CPU.Build.0 = Release|Any CPU
		{CF6DAF26-29C7-4E20-9EFB-57FF432474BA}.Debug|Any CPU.ActiveCfg = Debug|Any CPU
		{CF6DAF26-29C7-4E20-9EFB-57FF432474BA}.Debug|Any CPU.Build.0 = Debug|Any CPU
		{CF6DAF26-29C7-4E20-9EFB-57FF432474BA}.Release|Any CPU.ActiveCfg = Release|Any CPU
		{CF6DAF26-29C7-4E20-9EFB-57FF432474BA}.Release|Any CPU.Build.0 = Release|Any CPU
		{28BCC74F-4EE8-4D87-B422-A4755A00B3AD}.Debug|Any CPU.ActiveCfg = Debug|Any CPU
		{28BCC74F-4EE8-4D87-B422-A4755A00B3AD}.Debug|Any CPU.Build.0 = Debug|Any CPU
		{28BCC74F-4EE8-4D87-B422-A4755A00B3AD}.Release|Any CPU.ActiveCfg = Release|Any CPU
		{28BCC74F-4EE8-4D87-B422-A4755A00B3AD}.Release|Any CPU.Build.0 = Release|Any CPU
		{8BD65745-330E-4DC7-828E-C19210988FD4}.Debug|Any CPU.ActiveCfg = Debug|Any CPU
		{8BD65745-330E-4DC7-828E-C19210988FD4}.Debug|Any CPU.Build.0 = Debug|Any CPU
		{8BD65745-330E-4DC7-828E-C19210988FD4}.Release|Any CPU.ActiveCfg = Release|Any CPU
		{8BD65745-330E-4DC7-828E-C19210988FD4}.Release|Any CPU.Build.0 = Release|Any CPU
		{4CCCC940-0A41-47C5-AD33-31BA413B7DCC}.Debug|Any CPU.ActiveCfg = Debug|Any CPU
		{4CCCC940-0A41-47C5-AD33-31BA413B7DCC}.Debug|Any CPU.Build.0 = Debug|Any CPU
		{4CCCC940-0A41-47C5-AD33-31BA413B7DCC}.Release|Any CPU.ActiveCfg = Release|Any CPU
		{4CCCC940-0A41-47C5-AD33-31BA413B7DCC}.Release|Any CPU.Build.0 = Release|Any CPU
		{4EB1A63C-55F5-43B2-9976-E45324005456}.Debug|Any CPU.ActiveCfg = Debug|Any CPU
		{4EB1A63C-55F5-43B2-9976-E45324005456}.Debug|Any CPU.Build.0 = Debug|Any CPU
		{4EB1A63C-55F5-43B2-9976-E45324005456}.Release|Any CPU.ActiveCfg = Release|Any CPU
		{4EB1A63C-55F5-43B2-9976-E45324005456}.Release|Any CPU.Build.0 = Release|Any CPU
	EndGlobalSection
	GlobalSection(SolutionProperties) = preSolution
		HideSolutionNode = FALSE
	EndGlobalSection
	GlobalSection(ExtensibilityGlobals) = postSolution
		SolutionGuid = {B93CCFAF-EE59-4A5C-A032-1EF1B608F904}
	EndGlobalSection
EndGlobal
