
Microsoft Visual Studio Solution File, Format Version 12.00
# Visual Studio 15
VisualStudioVersion = 15.0.27004.2002
MinimumVisualStudioVersion = 10.0.40219.1
Project("{FAE04EC0-301F-11D3-BF4B-00C04F79EFBC}") = "01.MatchFullName", "01.MatchFullName\01.MatchFullName.csproj", "{34F97E7E-F5BD-4296-A825-FB9D97F44A4C}"
EndProject
Project("{FAE04EC0-301F-11D3-BF4B-00C04F79EFBC}") = "test", "test\test.csproj", "{57F9043C-0767-422E-A979-B30C0216018B}"
EndProject
Project("{FAE04EC0-301F-11D3-BF4B-00C04F79EFBC}") = "02.MatchPhoneNumber", "02.MatchPhoneNumber\02.MatchPhoneNumber.csproj", "{DA2EDC79-C28C-4708-937B-61DCE3C8EC4E}"
EndProject
Project("{FAE04EC0-301F-11D3-BF4B-00C04F79EFBC}") = "03.MatchHexadecimalNumber", "03.MatchHexadecimalNumber\03.MatchHexadecimalNumber.csproj", "{3B462C93-90C5-49E8-B465-49859DF7C589}"
EndProject
Project("{FAE04EC0-301F-11D3-BF4B-00C04F79EFBC}") = "04.MatchDates", "04.MatchDates\04.MatchDates.csproj", "{31FD3244-34E9-4503-976A-33906C9B0090}"
EndProject
Project("{FAE04EC0-301F-11D3-BF4B-00C04F79EFBC}") = "05.MatchNumber", "05.MatchNumber\05.MatchNumber.csproj", "{D082A023-BA28-4CD8-8FB9-2B72EC8570F6}"
EndProject
Project("{FAE04EC0-301F-11D3-BF4B-00C04F79EFBC}") = "06.ReplaceATag", "06.ReplaceATag\06.ReplaceATag.csproj", "{E541AD7E-9272-42A6-A9DD-A30A7D0F3302}"
EndProject
Global
	GlobalSection(SolutionConfigurationPlatforms) = preSolution
		Debug|Any CPU = Debug|Any CPU
		Release|Any CPU = Release|Any CPU
	EndGlobalSection
	GlobalSection(ProjectConfigurationPlatforms) = postSolution
		{34F97E7E-F5BD-4296-A825-FB9D97F44A4C}.Debug|Any CPU.ActiveCfg = Debug|Any CPU
		{34F97E7E-F5BD-4296-A825-FB9D97F44A4C}.Debug|Any CPU.Build.0 = Debug|Any CPU
		{34F97E7E-F5BD-4296-A825-FB9D97F44A4C}.Release|Any CPU.ActiveCfg = Release|Any CPU
		{34F97E7E-F5BD-4296-A825-FB9D97F44A4C}.Release|Any CPU.Build.0 = Release|Any CPU
		{57F9043C-0767-422E-A979-B30C0216018B}.Debug|Any CPU.ActiveCfg = Debug|Any CPU
		{57F9043C-0767-422E-A979-B30C0216018B}.Debug|Any CPU.Build.0 = Debug|Any CPU
		{57F9043C-0767-422E-A979-B30C0216018B}.Release|Any CPU.ActiveCfg = Release|Any CPU
		{57F9043C-0767-422E-A979-B30C0216018B}.Release|Any CPU.Build.0 = Release|Any CPU
		{DA2EDC79-C28C-4708-937B-61DCE3C8EC4E}.Debug|Any CPU.ActiveCfg = Debug|Any CPU
		{DA2EDC79-C28C-4708-937B-61DCE3C8EC4E}.Debug|Any CPU.Build.0 = Debug|Any CPU
		{DA2EDC79-C28C-4708-937B-61DCE3C8EC4E}.Release|Any CPU.ActiveCfg = Release|Any CPU
		{DA2EDC79-C28C-4708-937B-61DCE3C8EC4E}.Release|Any CPU.Build.0 = Release|Any CPU
		{3B462C93-90C5-49E8-B465-49859DF7C589}.Debug|Any CPU.ActiveCfg = Debug|Any CPU
		{3B462C93-90C5-49E8-B465-49859DF7C589}.Debug|Any CPU.Build.0 = Debug|Any CPU
		{3B462C93-90C5-49E8-B465-49859DF7C589}.Release|Any CPU.ActiveCfg = Release|Any CPU
		{3B462C93-90C5-49E8-B465-49859DF7C589}.Release|Any CPU.Build.0 = Release|Any CPU
		{31FD3244-34E9-4503-976A-33906C9B0090}.Debug|Any CPU.ActiveCfg = Debug|Any CPU
		{31FD3244-34E9-4503-976A-33906C9B0090}.Debug|Any CPU.Build.0 = Debug|Any CPU
		{31FD3244-34E9-4503-976A-33906C9B0090}.Release|Any CPU.ActiveCfg = Release|Any CPU
		{31FD3244-34E9-4503-976A-33906C9B0090}.Release|Any CPU.Build.0 = Release|Any CPU
		{D082A023-BA28-4CD8-8FB9-2B72EC8570F6}.Debug|Any CPU.ActiveCfg = Debug|Any CPU
		{D082A023-BA28-4CD8-8FB9-2B72EC8570F6}.Debug|Any CPU.Build.0 = Debug|Any CPU
		{D082A023-BA28-4CD8-8FB9-2B72EC8570F6}.Release|Any CPU.ActiveCfg = Release|Any CPU
		{D082A023-BA28-4CD8-8FB9-2B72EC8570F6}.Release|Any CPU.Build.0 = Release|Any CPU
		{E541AD7E-9272-42A6-A9DD-A30A7D0F3302}.Debug|Any CPU.ActiveCfg = Debug|Any CPU
		{E541AD7E-9272-42A6-A9DD-A30A7D0F3302}.Debug|Any CPU.Build.0 = Debug|Any CPU
		{E541AD7E-9272-42A6-A9DD-A30A7D0F3302}.Release|Any CPU.ActiveCfg = Release|Any CPU
		{E541AD7E-9272-42A6-A9DD-A30A7D0F3302}.Release|Any CPU.Build.0 = Release|Any CPU
	EndGlobalSection
	GlobalSection(SolutionProperties) = preSolution
		HideSolutionNode = FALSE
	EndGlobalSection
	GlobalSection(ExtensibilityGlobals) = postSolution
		SolutionGuid = {F623ADF0-C374-4951-AB9F-C5F9D16D7F96}
	EndGlobalSection
EndGlobal
