
Microsoft Visual Studio Solution File, Format Version 12.00
# Visual Studio 15
VisualStudioVersion = 15.0.26430.6
MinimumVisualStudioVersion = 10.0.40219.1
Project("{FAE04EC0-301F-11D3-BF4B-00C04F79EFBC}") = "01.Passed", "01.Passed\01.Passed.csproj", "{1A356727-753E-4F9A-899D-284F11F8E589}"
EndProject
Project("{FAE04EC0-301F-11D3-BF4B-00C04F79EFBC}") = "02.PassedOrFailed", "02.PassedOrFailed\02.PassedOrFailed.csproj", "{5B7F67FE-4063-4C0D-BF77-DFA657130EF2}"
EndProject
Project("{FAE04EC0-301F-11D3-BF4B-00C04F79EFBC}") = "03.BackIn30Minutes", "03.BackIn30Minutes\03.BackIn30Minutes.csproj", "{12E2FBC4-431B-489E-8658-389BBD727395}"
EndProject
Project("{FAE04EC0-301F-11D3-BF4B-00C04F79EFBC}") = "04.MonthPrinter", "04.MonthPrinter\04.MonthPrinter.csproj", "{AE96EFA3-CED5-4BD8-A93B-DE5FD8002D98}"
EndProject
Project("{FAE04EC0-301F-11D3-BF4B-00C04F79EFBC}") = "05.ForeignLanguages", "05.ForeignLanguages\05.ForeignLanguages.csproj", "{3E9C2CEC-CA8D-4673-8016-B354963DB3D6}"
EndProject
Project("{FAE04EC0-301F-11D3-BF4B-00C04F79EFBC}") = "06.TheatrePromotions", "06.TheatrePromotions\06.TheatrePromotions.csproj", "{E0086BD9-FBCB-4D17-A5D9-A72CEFADC80A}"
EndProject
Project("{FAE04EC0-301F-11D3-BF4B-00C04F79EFBC}") = "07.DivisibleBy3", "07.DivisibleBy3\07.DivisibleBy3.csproj", "{9D3C7215-F342-4EA8-A580-893FB7A426F4}"
EndProject
Project("{FAE04EC0-301F-11D3-BF4B-00C04F79EFBC}") = "08.SumOfOddNumbers", "08.SumOfOddNumbers\08.SumOfOddNumbers.csproj", "{104083C1-3AE4-46D0-9D9E-93BE9A493FAF}"
EndProject
Project("{FAE04EC0-301F-11D3-BF4B-00C04F79EFBC}") = "09.MultiplicationTable", "09.MultiplicationTable\09.MultiplicationTable.csproj", "{38E5D1CF-BFA3-45FA-AC45-A03AFC738C5B}"
EndProject
Project("{FAE04EC0-301F-11D3-BF4B-00C04F79EFBC}") = "10.MultiplicationTable2.0", "10.MultiplicationTable2.0\10.MultiplicationTable2.0.csproj", "{B6C5F948-C973-4D79-A4BC-9FB13819FB98}"
EndProject
Project("{FAE04EC0-301F-11D3-BF4B-00C04F79EFBC}") = "11.OddNumber", "11.OddNumber\11.OddNumber.csproj", "{371E0802-BF11-46C3-A7D3-E154A23A4579}"
EndProject
Project("{FAE04EC0-301F-11D3-BF4B-00C04F79EFBC}") = "12.NumberChecker", "12.NumberChecker\12.NumberChecker.csproj", "{BA564EAB-D97D-444D-83B7-F5E79DA7A836}"
EndProject
Global
	GlobalSection(SolutionConfigurationPlatforms) = preSolution
		Debug|Any CPU = Debug|Any CPU
		Release|Any CPU = Release|Any CPU
	EndGlobalSection
	GlobalSection(ProjectConfigurationPlatforms) = postSolution
		{1A356727-753E-4F9A-899D-284F11F8E589}.Debug|Any CPU.ActiveCfg = Debug|Any CPU
		{1A356727-753E-4F9A-899D-284F11F8E589}.Debug|Any CPU.Build.0 = Debug|Any CPU
		{1A356727-753E-4F9A-899D-284F11F8E589}.Release|Any CPU.ActiveCfg = Release|Any CPU
		{1A356727-753E-4F9A-899D-284F11F8E589}.Release|Any CPU.Build.0 = Release|Any CPU
		{5B7F67FE-4063-4C0D-BF77-DFA657130EF2}.Debug|Any CPU.ActiveCfg = Debug|Any CPU
		{5B7F67FE-4063-4C0D-BF77-DFA657130EF2}.Debug|Any CPU.Build.0 = Debug|Any CPU
		{5B7F67FE-4063-4C0D-BF77-DFA657130EF2}.Release|Any CPU.ActiveCfg = Release|Any CPU
		{5B7F67FE-4063-4C0D-BF77-DFA657130EF2}.Release|Any CPU.Build.0 = Release|Any CPU
		{12E2FBC4-431B-489E-8658-389BBD727395}.Debug|Any CPU.ActiveCfg = Debug|Any CPU
		{12E2FBC4-431B-489E-8658-389BBD727395}.Debug|Any CPU.Build.0 = Debug|Any CPU
		{12E2FBC4-431B-489E-8658-389BBD727395}.Release|Any CPU.ActiveCfg = Release|Any CPU
		{12E2FBC4-431B-489E-8658-389BBD727395}.Release|Any CPU.Build.0 = Release|Any CPU
		{AE96EFA3-CED5-4BD8-A93B-DE5FD8002D98}.Debug|Any CPU.ActiveCfg = Debug|Any CPU
		{AE96EFA3-CED5-4BD8-A93B-DE5FD8002D98}.Debug|Any CPU.Build.0 = Debug|Any CPU
		{AE96EFA3-CED5-4BD8-A93B-DE5FD8002D98}.Release|Any CPU.ActiveCfg = Release|Any CPU
		{AE96EFA3-CED5-4BD8-A93B-DE5FD8002D98}.Release|Any CPU.Build.0 = Release|Any CPU
		{3E9C2CEC-CA8D-4673-8016-B354963DB3D6}.Debug|Any CPU.ActiveCfg = Debug|Any CPU
		{3E9C2CEC-CA8D-4673-8016-B354963DB3D6}.Debug|Any CPU.Build.0 = Debug|Any CPU
		{3E9C2CEC-CA8D-4673-8016-B354963DB3D6}.Release|Any CPU.ActiveCfg = Release|Any CPU
		{3E9C2CEC-CA8D-4673-8016-B354963DB3D6}.Release|Any CPU.Build.0 = Release|Any CPU
		{E0086BD9-FBCB-4D17-A5D9-A72CEFADC80A}.Debug|Any CPU.ActiveCfg = Debug|Any CPU
		{E0086BD9-FBCB-4D17-A5D9-A72CEFADC80A}.Debug|Any CPU.Build.0 = Debug|Any CPU
		{E0086BD9-FBCB-4D17-A5D9-A72CEFADC80A}.Release|Any CPU.ActiveCfg = Release|Any CPU
		{E0086BD9-FBCB-4D17-A5D9-A72CEFADC80A}.Release|Any CPU.Build.0 = Release|Any CPU
		{9D3C7215-F342-4EA8-A580-893FB7A426F4}.Debug|Any CPU.ActiveCfg = Debug|Any CPU
		{9D3C7215-F342-4EA8-A580-893FB7A426F4}.Debug|Any CPU.Build.0 = Debug|Any CPU
		{9D3C7215-F342-4EA8-A580-893FB7A426F4}.Release|Any CPU.ActiveCfg = Release|Any CPU
		{9D3C7215-F342-4EA8-A580-893FB7A426F4}.Release|Any CPU.Build.0 = Release|Any CPU
		{104083C1-3AE4-46D0-9D9E-93BE9A493FAF}.Debug|Any CPU.ActiveCfg = Debug|Any CPU
		{104083C1-3AE4-46D0-9D9E-93BE9A493FAF}.Debug|Any CPU.Build.0 = Debug|Any CPU
		{104083C1-3AE4-46D0-9D9E-93BE9A493FAF}.Release|Any CPU.ActiveCfg = Release|Any CPU
		{104083C1-3AE4-46D0-9D9E-93BE9A493FAF}.Release|Any CPU.Build.0 = Release|Any CPU
		{38E5D1CF-BFA3-45FA-AC45-A03AFC738C5B}.Debug|Any CPU.ActiveCfg = Debug|Any CPU
		{38E5D1CF-BFA3-45FA-AC45-A03AFC738C5B}.Debug|Any CPU.Build.0 = Debug|Any CPU
		{38E5D1CF-BFA3-45FA-AC45-A03AFC738C5B}.Release|Any CPU.ActiveCfg = Release|Any CPU
		{38E5D1CF-BFA3-45FA-AC45-A03AFC738C5B}.Release|Any CPU.Build.0 = Release|Any CPU
		{B6C5F948-C973-4D79-A4BC-9FB13819FB98}.Debug|Any CPU.ActiveCfg = Debug|Any CPU
		{B6C5F948-C973-4D79-A4BC-9FB13819FB98}.Debug|Any CPU.Build.0 = Debug|Any CPU
		{B6C5F948-C973-4D79-A4BC-9FB13819FB98}.Release|Any CPU.ActiveCfg = Release|Any CPU
		{B6C5F948-C973-4D79-A4BC-9FB13819FB98}.Release|Any CPU.Build.0 = Release|Any CPU
		{371E0802-BF11-46C3-A7D3-E154A23A4579}.Debug|Any CPU.ActiveCfg = Debug|Any CPU
		{371E0802-BF11-46C3-A7D3-E154A23A4579}.Debug|Any CPU.Build.0 = Debug|Any CPU
		{371E0802-BF11-46C3-A7D3-E154A23A4579}.Release|Any CPU.ActiveCfg = Release|Any CPU
		{371E0802-BF11-46C3-A7D3-E154A23A4579}.Release|Any CPU.Build.0 = Release|Any CPU
		{BA564EAB-D97D-444D-83B7-F5E79DA7A836}.Debug|Any CPU.ActiveCfg = Debug|Any CPU
		{BA564EAB-D97D-444D-83B7-F5E79DA7A836}.Debug|Any CPU.Build.0 = Debug|Any CPU
		{BA564EAB-D97D-444D-83B7-F5E79DA7A836}.Release|Any CPU.ActiveCfg = Release|Any CPU
		{BA564EAB-D97D-444D-83B7-F5E79DA7A836}.Release|Any CPU.Build.0 = Release|Any CPU
	EndGlobalSection
	GlobalSection(SolutionProperties) = preSolution
		HideSolutionNode = FALSE
	EndGlobalSection
EndGlobal
