
Microsoft Visual Studio Solution File, Format Version 12.00
# Visual Studio 15
VisualStudioVersion = 15.0.27130.2036
MinimumVisualStudioVersion = 10.0.40219.1
Project("{FAE04EC0-301F-11D3-BF4B-00C04F79EFBC}") = "01.AnonymousDownsite", "01.AnonymousDownsite\01.AnonymousDownsite.csproj", "{C47BE606-939E-4A99-9C39-70B6FE139106}"
EndProject
Project("{FAE04EC0-301F-11D3-BF4B-00C04F79EFBC}") = "02.AnonymousThreat", "02.AnonymousThreat\02.AnonymousThreat.csproj", "{CC24573B-D8D6-47BB-B842-92DF35CDE3DA}"
EndProject
Project("{FAE04EC0-301F-11D3-BF4B-00C04F79EFBC}") = "test", "тест\test.csproj", "{220C2804-95DA-4E44-90EB-74F93CA903E9}"
EndProject
Project("{FAE04EC0-301F-11D3-BF4B-00C04F79EFBC}") = "04.AnonymousCache", "04.AnonymousCache\04.AnonymousCache.csproj", "{62314C05-D6A0-4B2D-8C0D-9DEB2363819F}"
EndProject
Project("{FAE04EC0-301F-11D3-BF4B-00C04F79EFBC}") = "03.AnonymousVox", "03.AnonymousVox\03.AnonymousVox.csproj", "{E7B4D4C8-975D-4C14-9636-3B7CA97EB5BC}"
EndProject
Project("{FAE04EC0-301F-11D3-BF4B-00C04F79EFBC}") = "01.1.Again", "01.1.Again\01.1.Again.csproj", "{0D0CD7FA-ACBB-4108-AC68-9F61E0C16904}"
EndProject
Project("{FAE04EC0-301F-11D3-BF4B-00C04F79EFBC}") = "02.1.Again", "02.1.Again\02.1.Again.csproj", "{F22A0DF7-540A-485A-949A-BD1C8D7BDA6B}"
EndProject
Project("{FAE04EC0-301F-11D3-BF4B-00C04F79EFBC}") = "AnonymousThreatCollegueDebug", "AnonymousThreatCollegueDebug\AnonymousThreatCollegueDebug.csproj", "{67DC6046-A534-4E08-AAD8-D0FA377274DB}"
EndProject
Project("{FAE04EC0-301F-11D3-BF4B-00C04F79EFBC}") = "04.1.Again", "04.1.Again\04.1.Again.csproj", "{771029C7-0B00-48D7-9087-267DF4DF005C}"
EndProject
Project("{FAE04EC0-301F-11D3-BF4B-00C04F79EFBC}") = "04.1.9July2017Again", "04.1.9July2017Again\04.1.9July2017Again.csproj", "{DAED370A-AEAC-45F7-A543-EF09F9024E38}"
EndProject
Project("{FAE04EC0-301F-11D3-BF4B-00C04F79EFBC}") = "04.2.RoliTheCoderExamPrepII", "04.2.RoliTheCoderExamPrepII\04.2.RoliTheCoderExamPrepII.csproj", "{1C6A4E97-B705-4CEC-B3AB-E9FE11DD3075}"
EndProject
Project("{FAE04EC0-301F-11D3-BF4B-00C04F79EFBC}") = "04.3.AnonymousCacheWithObjectAndClasses", "04.3.AnonymousCacheWithObjectAndClasses\04.3.AnonymousCacheWithObjectAndClasses.csproj", "{DA5279CE-0F5E-43B2-9E12-3B3568893AA3}"
EndProject
Global
	GlobalSection(SolutionConfigurationPlatforms) = preSolution
		Debug|Any CPU = Debug|Any CPU
		Release|Any CPU = Release|Any CPU
	EndGlobalSection
	GlobalSection(ProjectConfigurationPlatforms) = postSolution
		{C47BE606-939E-4A99-9C39-70B6FE139106}.Debug|Any CPU.ActiveCfg = Debug|Any CPU
		{C47BE606-939E-4A99-9C39-70B6FE139106}.Debug|Any CPU.Build.0 = Debug|Any CPU
		{C47BE606-939E-4A99-9C39-70B6FE139106}.Release|Any CPU.ActiveCfg = Release|Any CPU
		{C47BE606-939E-4A99-9C39-70B6FE139106}.Release|Any CPU.Build.0 = Release|Any CPU
		{CC24573B-D8D6-47BB-B842-92DF35CDE3DA}.Debug|Any CPU.ActiveCfg = Debug|Any CPU
		{CC24573B-D8D6-47BB-B842-92DF35CDE3DA}.Debug|Any CPU.Build.0 = Debug|Any CPU
		{CC24573B-D8D6-47BB-B842-92DF35CDE3DA}.Release|Any CPU.ActiveCfg = Release|Any CPU
		{CC24573B-D8D6-47BB-B842-92DF35CDE3DA}.Release|Any CPU.Build.0 = Release|Any CPU
		{220C2804-95DA-4E44-90EB-74F93CA903E9}.Debug|Any CPU.ActiveCfg = Debug|Any CPU
		{220C2804-95DA-4E44-90EB-74F93CA903E9}.Debug|Any CPU.Build.0 = Debug|Any CPU
		{220C2804-95DA-4E44-90EB-74F93CA903E9}.Release|Any CPU.ActiveCfg = Release|Any CPU
		{220C2804-95DA-4E44-90EB-74F93CA903E9}.Release|Any CPU.Build.0 = Release|Any CPU
		{62314C05-D6A0-4B2D-8C0D-9DEB2363819F}.Debug|Any CPU.ActiveCfg = Debug|Any CPU
		{62314C05-D6A0-4B2D-8C0D-9DEB2363819F}.Debug|Any CPU.Build.0 = Debug|Any CPU
		{62314C05-D6A0-4B2D-8C0D-9DEB2363819F}.Release|Any CPU.ActiveCfg = Release|Any CPU
		{62314C05-D6A0-4B2D-8C0D-9DEB2363819F}.Release|Any CPU.Build.0 = Release|Any CPU
		{E7B4D4C8-975D-4C14-9636-3B7CA97EB5BC}.Debug|Any CPU.ActiveCfg = Debug|Any CPU
		{E7B4D4C8-975D-4C14-9636-3B7CA97EB5BC}.Debug|Any CPU.Build.0 = Debug|Any CPU
		{E7B4D4C8-975D-4C14-9636-3B7CA97EB5BC}.Release|Any CPU.ActiveCfg = Release|Any CPU
		{E7B4D4C8-975D-4C14-9636-3B7CA97EB5BC}.Release|Any CPU.Build.0 = Release|Any CPU
		{0D0CD7FA-ACBB-4108-AC68-9F61E0C16904}.Debug|Any CPU.ActiveCfg = Debug|Any CPU
		{0D0CD7FA-ACBB-4108-AC68-9F61E0C16904}.Debug|Any CPU.Build.0 = Debug|Any CPU
		{0D0CD7FA-ACBB-4108-AC68-9F61E0C16904}.Release|Any CPU.ActiveCfg = Release|Any CPU
		{0D0CD7FA-ACBB-4108-AC68-9F61E0C16904}.Release|Any CPU.Build.0 = Release|Any CPU
		{F22A0DF7-540A-485A-949A-BD1C8D7BDA6B}.Debug|Any CPU.ActiveCfg = Debug|Any CPU
		{F22A0DF7-540A-485A-949A-BD1C8D7BDA6B}.Debug|Any CPU.Build.0 = Debug|Any CPU
		{F22A0DF7-540A-485A-949A-BD1C8D7BDA6B}.Release|Any CPU.ActiveCfg = Release|Any CPU
		{F22A0DF7-540A-485A-949A-BD1C8D7BDA6B}.Release|Any CPU.Build.0 = Release|Any CPU
		{67DC6046-A534-4E08-AAD8-D0FA377274DB}.Debug|Any CPU.ActiveCfg = Debug|Any CPU
		{67DC6046-A534-4E08-AAD8-D0FA377274DB}.Debug|Any CPU.Build.0 = Debug|Any CPU
		{67DC6046-A534-4E08-AAD8-D0FA377274DB}.Release|Any CPU.ActiveCfg = Release|Any CPU
		{67DC6046-A534-4E08-AAD8-D0FA377274DB}.Release|Any CPU.Build.0 = Release|Any CPU
		{771029C7-0B00-48D7-9087-267DF4DF005C}.Debug|Any CPU.ActiveCfg = Debug|Any CPU
		{771029C7-0B00-48D7-9087-267DF4DF005C}.Debug|Any CPU.Build.0 = Debug|Any CPU
		{771029C7-0B00-48D7-9087-267DF4DF005C}.Release|Any CPU.ActiveCfg = Release|Any CPU
		{771029C7-0B00-48D7-9087-267DF4DF005C}.Release|Any CPU.Build.0 = Release|Any CPU
		{DAED370A-AEAC-45F7-A543-EF09F9024E38}.Debug|Any CPU.ActiveCfg = Debug|Any CPU
		{DAED370A-AEAC-45F7-A543-EF09F9024E38}.Debug|Any CPU.Build.0 = Debug|Any CPU
		{DAED370A-AEAC-45F7-A543-EF09F9024E38}.Release|Any CPU.ActiveCfg = Release|Any CPU
		{DAED370A-AEAC-45F7-A543-EF09F9024E38}.Release|Any CPU.Build.0 = Release|Any CPU
		{1C6A4E97-B705-4CEC-B3AB-E9FE11DD3075}.Debug|Any CPU.ActiveCfg = Debug|Any CPU
		{1C6A4E97-B705-4CEC-B3AB-E9FE11DD3075}.Debug|Any CPU.Build.0 = Debug|Any CPU
		{1C6A4E97-B705-4CEC-B3AB-E9FE11DD3075}.Release|Any CPU.ActiveCfg = Release|Any CPU
		{1C6A4E97-B705-4CEC-B3AB-E9FE11DD3075}.Release|Any CPU.Build.0 = Release|Any CPU
		{DA5279CE-0F5E-43B2-9E12-3B3568893AA3}.Debug|Any CPU.ActiveCfg = Debug|Any CPU
		{DA5279CE-0F5E-43B2-9E12-3B3568893AA3}.Debug|Any CPU.Build.0 = Debug|Any CPU
		{DA5279CE-0F5E-43B2-9E12-3B3568893AA3}.Release|Any CPU.ActiveCfg = Release|Any CPU
		{DA5279CE-0F5E-43B2-9E12-3B3568893AA3}.Release|Any CPU.Build.0 = Release|Any CPU
	EndGlobalSection
	GlobalSection(SolutionProperties) = preSolution
		HideSolutionNode = FALSE
	EndGlobalSection
	GlobalSection(ExtensibilityGlobals) = postSolution
		SolutionGuid = {D1242C48-66ED-4C07-8191-51920F348EFA}
	EndGlobalSection
EndGlobal
