
Microsoft Visual Studio Solution File, Format Version 12.00
# Visual Studio 15
VisualStudioVersion = 15.0.26430.6
MinimumVisualStudioVersion = 10.0.40219.1
Project("{FAE04EC0-301F-11D3-BF4B-00C04F79EFBC}") = "01.RemoveNegativesAndReverse", "01.RemoveNegativesAndReverse\01.RemoveNegativesAndReverse.csproj", "{B3B2226F-D7CD-4441-A5AC-0B26F9782487}"
EndProject
Project("{FAE04EC0-301F-11D3-BF4B-00C04F79EFBC}") = "test", "test\test.csproj", "{A12367EC-7035-4342-A5D6-7C6076C10634}"
EndProject
Project("{FAE04EC0-301F-11D3-BF4B-00C04F79EFBC}") = "02.AppendLists", "02.AppendLists\02.AppendLists.csproj", "{EC6CF338-A753-4D2B-B152-7582A82732F1}"
EndProject
Project("{FAE04EC0-301F-11D3-BF4B-00C04F79EFBC}") = "03.SumAdjacentEqualNumbers", "03.SumAdjacentEqualNumbers\03.SumAdjacentEqualNumbers.csproj", "{60B721A7-07AB-4952-9C08-FC3530E2F9F3}"
EndProject
Project("{FAE04EC0-301F-11D3-BF4B-00C04F79EFBC}") = "03.1.SumAdjacentEqualNumbers", "03.1.SumAdjacentEqualNumbers\03.1.SumAdjacentEqualNumbers.csproj", "{FCC19C49-E1CA-475F-B8AF-5A4EC2BD8104}"
EndProject
Project("{FAE04EC0-301F-11D3-BF4B-00C04F79EFBC}") = "04.1.SplitByWordCasing", "04.1.SplitByWordCasing\04.1.SplitByWordCasing.csproj", "{5873266E-9053-468E-890E-A1B3A42272CA}"
EndProject
Project("{FAE04EC0-301F-11D3-BF4B-00C04F79EFBC}") = "05.SortNumbers", "05.SortNumbers\05.SortNumbers.csproj", "{B37E086E-A723-4CB3-8C04-31E24660F3E8}"
EndProject
Project("{FAE04EC0-301F-11D3-BF4B-00C04F79EFBC}") = "06.SquareNumbers", "06.SquareNumbers\06.SquareNumbers.csproj", "{0D2D1423-C2AF-45B1-B62E-4B2E8B534A26}"
EndProject
Project("{FAE04EC0-301F-11D3-BF4B-00C04F79EFBC}") = "07.CountNumbers", "07.CountNumbers\07.CountNumbers.csproj", "{0BDEE529-0206-4FEC-97A0-C7EC3F891853}"
EndProject
Global
	GlobalSection(SolutionConfigurationPlatforms) = preSolution
		Debug|Any CPU = Debug|Any CPU
		Release|Any CPU = Release|Any CPU
	EndGlobalSection
	GlobalSection(ProjectConfigurationPlatforms) = postSolution
		{B3B2226F-D7CD-4441-A5AC-0B26F9782487}.Debug|Any CPU.ActiveCfg = Debug|Any CPU
		{B3B2226F-D7CD-4441-A5AC-0B26F9782487}.Debug|Any CPU.Build.0 = Debug|Any CPU
		{B3B2226F-D7CD-4441-A5AC-0B26F9782487}.Release|Any CPU.ActiveCfg = Release|Any CPU
		{B3B2226F-D7CD-4441-A5AC-0B26F9782487}.Release|Any CPU.Build.0 = Release|Any CPU
		{A12367EC-7035-4342-A5D6-7C6076C10634}.Debug|Any CPU.ActiveCfg = Debug|Any CPU
		{A12367EC-7035-4342-A5D6-7C6076C10634}.Debug|Any CPU.Build.0 = Debug|Any CPU
		{A12367EC-7035-4342-A5D6-7C6076C10634}.Release|Any CPU.ActiveCfg = Release|Any CPU
		{A12367EC-7035-4342-A5D6-7C6076C10634}.Release|Any CPU.Build.0 = Release|Any CPU
		{EC6CF338-A753-4D2B-B152-7582A82732F1}.Debug|Any CPU.ActiveCfg = Debug|Any CPU
		{EC6CF338-A753-4D2B-B152-7582A82732F1}.Debug|Any CPU.Build.0 = Debug|Any CPU
		{EC6CF338-A753-4D2B-B152-7582A82732F1}.Release|Any CPU.ActiveCfg = Release|Any CPU
		{EC6CF338-A753-4D2B-B152-7582A82732F1}.Release|Any CPU.Build.0 = Release|Any CPU
		{60B721A7-07AB-4952-9C08-FC3530E2F9F3}.Debug|Any CPU.ActiveCfg = Debug|Any CPU
		{60B721A7-07AB-4952-9C08-FC3530E2F9F3}.Debug|Any CPU.Build.0 = Debug|Any CPU
		{60B721A7-07AB-4952-9C08-FC3530E2F9F3}.Release|Any CPU.ActiveCfg = Release|Any CPU
		{60B721A7-07AB-4952-9C08-FC3530E2F9F3}.Release|Any CPU.Build.0 = Release|Any CPU
		{FCC19C49-E1CA-475F-B8AF-5A4EC2BD8104}.Debug|Any CPU.ActiveCfg = Debug|Any CPU
		{FCC19C49-E1CA-475F-B8AF-5A4EC2BD8104}.Debug|Any CPU.Build.0 = Debug|Any CPU
		{FCC19C49-E1CA-475F-B8AF-5A4EC2BD8104}.Release|Any CPU.ActiveCfg = Release|Any CPU
		{FCC19C49-E1CA-475F-B8AF-5A4EC2BD8104}.Release|Any CPU.Build.0 = Release|Any CPU
		{5873266E-9053-468E-890E-A1B3A42272CA}.Debug|Any CPU.ActiveCfg = Debug|Any CPU
		{5873266E-9053-468E-890E-A1B3A42272CA}.Debug|Any CPU.Build.0 = Debug|Any CPU
		{5873266E-9053-468E-890E-A1B3A42272CA}.Release|Any CPU.ActiveCfg = Release|Any CPU
		{5873266E-9053-468E-890E-A1B3A42272CA}.Release|Any CPU.Build.0 = Release|Any CPU
		{B37E086E-A723-4CB3-8C04-31E24660F3E8}.Debug|Any CPU.ActiveCfg = Debug|Any CPU
		{B37E086E-A723-4CB3-8C04-31E24660F3E8}.Debug|Any CPU.Build.0 = Debug|Any CPU
		{B37E086E-A723-4CB3-8C04-31E24660F3E8}.Release|Any CPU.ActiveCfg = Release|Any CPU
		{B37E086E-A723-4CB3-8C04-31E24660F3E8}.Release|Any CPU.Build.0 = Release|Any CPU
		{0D2D1423-C2AF-45B1-B62E-4B2E8B534A26}.Debug|Any CPU.ActiveCfg = Debug|Any CPU
		{0D2D1423-C2AF-45B1-B62E-4B2E8B534A26}.Debug|Any CPU.Build.0 = Debug|Any CPU
		{0D2D1423-C2AF-45B1-B62E-4B2E8B534A26}.Release|Any CPU.ActiveCfg = Release|Any CPU
		{0D2D1423-C2AF-45B1-B62E-4B2E8B534A26}.Release|Any CPU.Build.0 = Release|Any CPU
		{0BDEE529-0206-4FEC-97A0-C7EC3F891853}.Debug|Any CPU.ActiveCfg = Debug|Any CPU
		{0BDEE529-0206-4FEC-97A0-C7EC3F891853}.Debug|Any CPU.Build.0 = Debug|Any CPU
		{0BDEE529-0206-4FEC-97A0-C7EC3F891853}.Release|Any CPU.ActiveCfg = Release|Any CPU
		{0BDEE529-0206-4FEC-97A0-C7EC3F891853}.Release|Any CPU.Build.0 = Release|Any CPU
	EndGlobalSection
	GlobalSection(SolutionProperties) = preSolution
		HideSolutionNode = FALSE
	EndGlobalSection
EndGlobal
