
Microsoft Visual Studio Solution File, Format Version 12.00
# Visual Studio 15
VisualStudioVersion = 15.0.27004.2009
MinimumVisualStudioVersion = 10.0.40219.1
Project("{9A19103F-16F7-4668-BE54-9A1E7A4F7556}") = "SIS.Http", "SIS.Http\SIS.Http.csproj", "{722B8ED1-1D6F-4FFC-9D42-C57BB8B58C95}"
EndProject
Project("{FAE04EC0-301F-11D3-BF4B-00C04F79EFBC}") = "SIS.WebServer", "SIS.WebServer\SIS.WebServer.csproj", "{BEC04AF4-AA28-44D9-A0F3-098CBF2D489C}"
EndProject
Project("{FAE04EC0-301F-11D3-BF4B-00C04F79EFBC}") = "SIS.Demo2", "SIS.Demo2\SIS.Demo2.csproj", "{FD0DAEF4-AD22-4556-AF58-E7EF99B9E0A2}"
EndProject
Global
	GlobalSection(SolutionConfigurationPlatforms) = preSolution
		Debug|Any CPU = Debug|Any CPU
		Release|Any CPU = Release|Any CPU
	EndGlobalSection
	GlobalSection(ProjectConfigurationPlatforms) = postSolution
		{722B8ED1-1D6F-4FFC-9D42-C57BB8B58C95}.Debug|Any CPU.ActiveCfg = Debug|Any CPU
		{722B8ED1-1D6F-4FFC-9D42-C57BB8B58C95}.Debug|Any CPU.Build.0 = Debug|Any CPU
		{722B8ED1-1D6F-4FFC-9D42-C57BB8B58C95}.Release|Any CPU.ActiveCfg = Release|Any CPU
		{722B8ED1-1D6F-4FFC-9D42-C57BB8B58C95}.Release|Any CPU.Build.0 = Release|Any CPU
		{BEC04AF4-AA28-44D9-A0F3-098CBF2D489C}.Debug|Any CPU.ActiveCfg = Debug|Any CPU
		{BEC04AF4-AA28-44D9-A0F3-098CBF2D489C}.Debug|Any CPU.Build.0 = Debug|Any CPU
		{BEC04AF4-AA28-44D9-A0F3-098CBF2D489C}.Release|Any CPU.ActiveCfg = Release|Any CPU
		{BEC04AF4-AA28-44D9-A0F3-098CBF2D489C}.Release|Any CPU.Build.0 = Release|Any CPU
		{FD0DAEF4-AD22-4556-AF58-E7EF99B9E0A2}.Debug|Any CPU.ActiveCfg = Debug|Any CPU
		{FD0DAEF4-AD22-4556-AF58-E7EF99B9E0A2}.Debug|Any CPU.Build.0 = Debug|Any CPU
		{FD0DAEF4-AD22-4556-AF58-E7EF99B9E0A2}.Release|Any CPU.ActiveCfg = Release|Any CPU
		{FD0DAEF4-AD22-4556-AF58-E7EF99B9E0A2}.Release|Any CPU.Build.0 = Release|Any CPU
	EndGlobalSection
	GlobalSection(SolutionProperties) = preSolution
		HideSolutionNode = FALSE
	EndGlobalSection
	GlobalSection(ExtensibilityGlobals) = postSolution
		SolutionGuid = {6A665363-89A5-4136-992C-3F6AEC6A6D67}
	EndGlobalSection
EndGlobal
